// !$*UTF8*$!
{
	archiveVersion = 1;
	classes = {
	};
	objectVersion = 46;
	objects = {

/* Begin PBXBuildFile section */
		2B0B74BF174C88DC00646CD1 /* LKDropDownOptionsView.m in Sources */ = {isa = PBXBuildFile; fileRef = 2B0B74BE174C88DC00646CD1 /* LKDropDownOptionsView.m */; };
		2B0B74C2174D187F00646CD1 /* LKDefaults.m in Sources */ = {isa = PBXBuildFile; fileRef = 2B0B74C1174D187F00646CD1 /* LKDefaults.m */; };
		2B286FA81724600D00A454FE /* LKPlace.m in Sources */ = {isa = PBXBuildFile; fileRef = 2B286FA71724600D00A454FE /* LKPlace.m */; };
		2B286FAA1724610A00A454FE /* CoreLocation.framework in Frameworks */ = {isa = PBXBuildFile; fileRef = 2B286FA91724610A00A454FE /* CoreLocation.framework */; };
		2B286FAD1724C66E00A454FE /* LKPlaceViewController.m in Sources */ = {isa = PBXBuildFile; fileRef = 2B286FAC1724C66D00A454FE /* LKPlaceViewController.m */; };
		2B286FB01724CAFA00A454FE /* LKMainView.m in Sources */ = {isa = PBXBuildFile; fileRef = 2B286FAF1724CAF900A454FE /* LKMainView.m */; };
		2B29ECF9171D92C900235616 /* input.json in Resources */ = {isa = PBXBuildFile; fileRef = 2B29ECF8171D92C900235616 /* input.json */; };
		2B396C73173EA21300152BA1 /* UIButton+Linkkk.m in Sources */ = {isa = PBXBuildFile; fileRef = 2B396C72173EA21300152BA1 /* UIButton+Linkkk.m */; };
		2B396C79173EA85D00152BA1 /* HPGrowingTextView.m in Sources */ = {isa = PBXBuildFile; fileRef = 2B396C76173EA85D00152BA1 /* HPGrowingTextView.m */; };
		2B396C7A173EA85D00152BA1 /* HPTextViewInternal.m in Sources */ = {isa = PBXBuildFile; fileRef = 2B396C78173EA85D00152BA1 /* HPTextViewInternal.m */; };
		2B647AFC1736C89C0063F431 /* LKLoadingView.m in Sources */ = {isa = PBXBuildFile; fileRef = 2B647AFB1736C89B0063F431 /* LKLoadingView.m */; };
		2B67CA62174FE63000D87D86 /* LKShareWeiboViewController.m in Sources */ = {isa = PBXBuildFile; fileRef = 2B67CA61174FE63000D87D86 /* LKShareWeiboViewController.m */; };
		2B68C05D175B81190036C1E9 /* AudioToolbox.framework in Frameworks */ = {isa = PBXBuildFile; fileRef = 2B68C05C175B81190036C1E9 /* AudioToolbox.framework */; };
		2B68C060175B8FE40036C1E9 /* shake_normal.png in Resources */ = {isa = PBXBuildFile; fileRef = 2B68C05E175B8FE40036C1E9 /* shake_normal.png */; };
		2B68C061175B8FE40036C1E9 /* shake_normal@2x.png in Resources */ = {isa = PBXBuildFile; fileRef = 2B68C05F175B8FE40036C1E9 /* shake_normal@2x.png */; };
		2B68C0C61764BE2D0036C1E9 /* LKMapViewController.m in Sources */ = {isa = PBXBuildFile; fileRef = 2B68C0C51764BE2C0036C1E9 /* LKMapViewController.m */; };
		2B6B3BCA1737104600916D44 /* UIColor+Linkkk.m in Sources */ = {isa = PBXBuildFile; fileRef = 2B6B3BC91737104600916D44 /* UIColor+Linkkk.m */; };
		2B6B3BCC1737179400916D44 /* profile_seg_bg@2x.png in Resources */ = {isa = PBXBuildFile; fileRef = 2B6B3BCB1737179400916D44 /* profile_seg_bg@2x.png */; };
		2B8C74F91726AA230075F2D1 /* LKCreateViewController.m in Sources */ = {isa = PBXBuildFile; fileRef = 2B8C74F81726AA230075F2D1 /* LKCreateViewController.m */; };
		2B97EE7A172B83CA004A1FCB /* avatar_overlay.png in Resources */ = {isa = PBXBuildFile; fileRef = 2B97EE79172B83CA004A1FCB /* avatar_overlay.png */; };
		2B97EE7C172BFD11004A1FCB /* avatar_overlay@2x.png in Resources */ = {isa = PBXBuildFile; fileRef = 2B97EE7B172BFD11004A1FCB /* avatar_overlay@2x.png */; };
		2BA334C6173D43A700325D25 /* AGImagePickerController+Helper.m in Sources */ = {isa = PBXBuildFile; fileRef = 2BA334B5173D43A700325D25 /* AGImagePickerController+Helper.m */; };
		2BA334C7173D43A700325D25 /* AGImagePickerController.bundle in Resources */ = {isa = PBXBuildFile; fileRef = 2BA334B6173D43A700325D25 /* AGImagePickerController.bundle */; };
		2BA334C8173D43A700325D25 /* AGImagePickerController.m in Sources */ = {isa = PBXBuildFile; fileRef = 2BA334B8173D43A700325D25 /* AGImagePickerController.m */; };
		2BA334C9173D43A700325D25 /* AGIPCAlbumsController.m in Sources */ = {isa = PBXBuildFile; fileRef = 2BA334BB173D43A700325D25 /* AGIPCAlbumsController.m */; };
		2BA334CA173D43A700325D25 /* AGIPCAssetsController.m in Sources */ = {isa = PBXBuildFile; fileRef = 2BA334BD173D43A700325D25 /* AGIPCAssetsController.m */; };
		2BA334CB173D43A700325D25 /* AGIPCGridCell.m in Sources */ = {isa = PBXBuildFile; fileRef = 2BA334BF173D43A700325D25 /* AGIPCGridCell.m */; };
		2BA334CC173D43A700325D25 /* AGIPCGridItem.m in Sources */ = {isa = PBXBuildFile; fileRef = 2BA334C1173D43A700325D25 /* AGIPCGridItem.m */; };
		2BA334CD173D43A700325D25 /* AGIPCToolbarItem.m in Sources */ = {isa = PBXBuildFile; fileRef = 2BA334C3173D43A700325D25 /* AGIPCToolbarItem.m */; };
		2BA334CE173D43A700325D25 /* ALAsset+AGIPC.m in Sources */ = {isa = PBXBuildFile; fileRef = 2BA334C5173D43A700325D25 /* ALAsset+AGIPC.m */; };
		2BA334D0173D43BA00325D25 /* AssetsLibrary.framework in Frameworks */ = {isa = PBXBuildFile; fileRef = 2BA334CF173D43BA00325D25 /* AssetsLibrary.framework */; };
		2BA334D3173D569200325D25 /* LKNavViewController.mm in Sources */ = {isa = PBXBuildFile; fileRef = 2BA334D2173D569200325D25 /* LKNavViewController.mm */; };
		2BA334FD173E08C100325D25 /* MWCaptionView.m in Sources */ = {isa = PBXBuildFile; fileRef = 2BA334F0173E08C100325D25 /* MWCaptionView.m */; settings = {COMPILER_FLAGS = "-fno-objc-arc -w"; }; };
		2BA334FE173E08C100325D25 /* MWPhoto.m in Sources */ = {isa = PBXBuildFile; fileRef = 2BA334F2173E08C100325D25 /* MWPhoto.m */; settings = {COMPILER_FLAGS = "-fno-objc-arc -w"; }; };
		2BA334FF173E08C100325D25 /* MWPhotoBrowser.bundle in Resources */ = {isa = PBXBuildFile; fileRef = 2BA334F3173E08C100325D25 /* MWPhotoBrowser.bundle */; };
		2BA33500173E08C100325D25 /* MWPhotoBrowser.m in Sources */ = {isa = PBXBuildFile; fileRef = 2BA334F5173E08C100325D25 /* MWPhotoBrowser.m */; settings = {COMPILER_FLAGS = "-fno-objc-arc -w"; }; };
		2BA33501173E08C100325D25 /* MWTapDetectingImageView.m in Sources */ = {isa = PBXBuildFile; fileRef = 2BA334F8173E08C100325D25 /* MWTapDetectingImageView.m */; settings = {COMPILER_FLAGS = "-fno-objc-arc -w"; }; };
		2BA33502173E08C100325D25 /* MWTapDetectingView.m in Sources */ = {isa = PBXBuildFile; fileRef = 2BA334FA173E08C100325D25 /* MWTapDetectingView.m */; settings = {COMPILER_FLAGS = "-fno-objc-arc -w"; }; };
		2BA33503173E08C100325D25 /* MWZoomingScrollView.m in Sources */ = {isa = PBXBuildFile; fileRef = 2BA334FC173E08C100325D25 /* MWZoomingScrollView.m */; settings = {COMPILER_FLAGS = "-fno-objc-arc -w"; }; };
		2BA33507173E08CE00325D25 /* MBProgressHUD.m in Sources */ = {isa = PBXBuildFile; fileRef = 2BA33506173E08CE00325D25 /* MBProgressHUD.m */; settings = {COMPILER_FLAGS = "-w"; }; };
		2BA3351B173E093400325D25 /* SDImageCache.m in Sources */ = {isa = PBXBuildFile; fileRef = 2BA3350A173E093400325D25 /* SDImageCache.m */; settings = {COMPILER_FLAGS = "-fno-objc-arc -w"; }; };
		2BA3351C173E093400325D25 /* SDWebImageDecoder.m in Sources */ = {isa = PBXBuildFile; fileRef = 2BA3350E173E093400325D25 /* SDWebImageDecoder.m */; settings = {COMPILER_FLAGS = "-fno-objc-arc -w"; }; };
		2BA3351D173E093400325D25 /* SDWebImageDownloader.m in Sources */ = {isa = PBXBuildFile; fileRef = 2BA33510173E093400325D25 /* SDWebImageDownloader.m */; settings = {COMPILER_FLAGS = "-fno-objc-arc -w"; }; };
		2BA3351E173E093400325D25 /* SDWebImageManager.m in Sources */ = {isa = PBXBuildFile; fileRef = 2BA33513173E093400325D25 /* SDWebImageManager.m */; settings = {COMPILER_FLAGS = "-fno-objc-arc -w"; }; };
		2BA3351F173E093400325D25 /* SDWebImagePrefetcher.m in Sources */ = {isa = PBXBuildFile; fileRef = 2BA33516173E093400325D25 /* SDWebImagePrefetcher.m */; settings = {COMPILER_FLAGS = "-fno-objc-arc -w"; }; };
		2BA33520173E093400325D25 /* UIButton+WebCache.m in Sources */ = {isa = PBXBuildFile; fileRef = 2BA33518173E093400325D25 /* UIButton+WebCache.m */; };
		2BA33521173E093400325D25 /* UIImageView+WebCache.m in Sources */ = {isa = PBXBuildFile; fileRef = 2BA3351A173E093400325D25 /* UIImageView+WebCache.m */; };
		2BA33523173E09AD00325D25 /* MessageUI.framework in Frameworks */ = {isa = PBXBuildFile; fileRef = 2BA33522173E09AD00325D25 /* MessageUI.framework */; };
		2BA510CE171C2856009A6547 /* UIKit.framework in Frameworks */ = {isa = PBXBuildFile; fileRef = 2BA510CD171C2856009A6547 /* UIKit.framework */; };
		2BA510D0171C2856009A6547 /* Foundation.framework in Frameworks */ = {isa = PBXBuildFile; fileRef = 2BA510CF171C2856009A6547 /* Foundation.framework */; };
		2BA510D2171C2856009A6547 /* CoreGraphics.framework in Frameworks */ = {isa = PBXBuildFile; fileRef = 2BA510D1171C2856009A6547 /* CoreGraphics.framework */; };
		2BA510D8171C2856009A6547 /* InfoPlist.strings in Resources */ = {isa = PBXBuildFile; fileRef = 2BA510D6171C2856009A6547 /* InfoPlist.strings */; };
		2BA510DA171C2856009A6547 /* main.m in Sources */ = {isa = PBXBuildFile; fileRef = 2BA510D9171C2856009A6547 /* main.m */; };
		2BA510DE171C2856009A6547 /* LKAppDelegate.m in Sources */ = {isa = PBXBuildFile; fileRef = 2BA510DD171C2856009A6547 /* LKAppDelegate.m */; };
		2BA510E7171C2856009A6547 /* MainStoryboard.storyboard in Resources */ = {isa = PBXBuildFile; fileRef = 2BA510E5171C2856009A6547 /* MainStoryboard.storyboard */; };
		2BA510EA171C2856009A6547 /* LKMainViewController.m in Sources */ = {isa = PBXBuildFile; fileRef = 2BA510E9171C2856009A6547 /* LKMainViewController.m */; };
		2BA51101171C39D2009A6547 /* JSONKit.m in Sources */ = {isa = PBXBuildFile; fileRef = 2BA510F7171C39D2009A6547 /* JSONKit.m */; settings = {COMPILER_FLAGS = "-fno-objc-arc -w"; }; };
		2BA51102171C39D2009A6547 /* SinaWeibo.bundle in Resources */ = {isa = PBXBuildFile; fileRef = 2BA510F9171C39D2009A6547 /* SinaWeibo.bundle */; };
		2BA51103171C39D2009A6547 /* SinaWeibo.m in Sources */ = {isa = PBXBuildFile; fileRef = 2BA510FB171C39D2009A6547 /* SinaWeibo.m */; settings = {COMPILER_FLAGS = "-fno-objc-arc"; }; };
		2BA51104171C39D2009A6547 /* SinaWeiboAuthorizeView.m in Sources */ = {isa = PBXBuildFile; fileRef = 2BA510FD171C39D2009A6547 /* SinaWeiboAuthorizeView.m */; settings = {COMPILER_FLAGS = "-fno-objc-arc"; }; };
		2BA51105171C39D2009A6547 /* SinaWeiboRequest.m in Sources */ = {isa = PBXBuildFile; fileRef = 2BA51100171C39D2009A6547 /* SinaWeiboRequest.m */; settings = {COMPILER_FLAGS = "-fno-objc-arc"; }; };
		2BA5110B171C413E009A6547 /* LKLoginViewController.m in Sources */ = {isa = PBXBuildFile; fileRef = 2BA5110A171C413E009A6547 /* LKLoginViewController.m */; };
		2BBD25C2171EEF7C002BA661 /* MapKit.framework in Frameworks */ = {isa = PBXBuildFile; fileRef = 2BBD25C1171EEF7C002BA661 /* MapKit.framework */; };
		2BCE7724173AE8BA00EBBE95 /* CLPlacemark+Linkkk.m in Sources */ = {isa = PBXBuildFile; fileRef = 2BCE7723173AE8BA00EBBE95 /* CLPlacemark+Linkkk.m */; };
		2BCE7727173B23F900EBBE95 /* LKSettingViewController.m in Sources */ = {isa = PBXBuildFile; fileRef = 2BCE7726173B23F800EBBE95 /* LKSettingViewController.m */; };
		2BCE772D173B35E700EBBE95 /* vertical.png in Resources */ = {isa = PBXBuildFile; fileRef = 2BCE772B173B35E700EBBE95 /* vertical.png */; };
		2BCE772E173B35E700EBBE95 /* vertical@2x.png in Resources */ = {isa = PBXBuildFile; fileRef = 2BCE772C173B35E700EBBE95 /* vertical@2x.png */; };
		2BCE7731173B36F300EBBE95 /* verticalpixel.png in Resources */ = {isa = PBXBuildFile; fileRef = 2BCE772F173B36F300EBBE95 /* verticalpixel.png */; };
		2BCE7732173B36F300EBBE95 /* verticalpixel@2x.png in Resources */ = {isa = PBXBuildFile; fileRef = 2BCE7730173B36F300EBBE95 /* verticalpixel@2x.png */; };
		2BCE7781173C3D5D00EBBE95 /* libbaidumapapi.a in Frameworks */ = {isa = PBXBuildFile; fileRef = 2BCE7780173C3D5D00EBBE95 /* libbaidumapapi.a */; };
		2BCE7783173C3D6300EBBE95 /* mapapi.bundle in Resources */ = {isa = PBXBuildFile; fileRef = 2BCE7782173C3D6300EBBE95 /* mapapi.bundle */; };
		2BCE7785173C3FAF00EBBE95 /* libc++.dylib in Frameworks */ = {isa = PBXBuildFile; fileRef = 2BCE7784173C3FAF00EBBE95 /* libc++.dylib */; };
		2BCE7788173C787600EBBE95 /* LKMapManager.m in Sources */ = {isa = PBXBuildFile; fileRef = 2BCE7787173C787600EBBE95 /* LKMapManager.m */; };
		2BD1DB20171D978F0029949F /* LKPlaceView.m in Sources */ = {isa = PBXBuildFile; fileRef = 2BD1DB1F171D978F0029949F /* LKPlaceView.m */; };
		2BD1DB23171D9FE80029949F /* LKNearbyCell.m in Sources */ = {isa = PBXBuildFile; fileRef = 2BD1DB22171D9FE80029949F /* LKNearbyCell.m */; };
		2BD1DB26171DA0660029949F /* LKNearbyViewController.m in Sources */ = {isa = PBXBuildFile; fileRef = 2BD1DB25171DA0660029949F /* LKNearbyViewController.m */; };
		2BD1DB2A171DCACA0029949F /* LKProfileViewController.m in Sources */ = {isa = PBXBuildFile; fileRef = 2BD1DB29171DCACA0029949F /* LKProfileViewController.m */; };
		2BD1DB31171DD1AF0029949F /* LKProfile.m in Sources */ = {isa = PBXBuildFile; fileRef = 2BD1DB30171DD1AF0029949F /* LKProfile.m */; };
		2BD271FE172AB0DC00C757E9 /* Icon.png in Resources */ = {isa = PBXBuildFile; fileRef = 2BD271FD172AB0DC00C757E9 /* Icon.png */; };
		2BD27200172AB0E000C757E9 /* Icon@2x.png in Resources */ = {isa = PBXBuildFile; fileRef = 2BD271FF172AB0E000C757E9 /* Icon@2x.png */; };
		2BD27202172AB16300C757E9 /* Default.png in Resources */ = {isa = PBXBuildFile; fileRef = 2BD27201172AB16300C757E9 /* Default.png */; };
		2BD27204172AB16900C757E9 /* Default@2x.png in Resources */ = {isa = PBXBuildFile; fileRef = 2BD27203172AB16900C757E9 /* Default@2x.png */; };
		2BD27207172AB34A00C757E9 /* weibo_login.png in Resources */ = {isa = PBXBuildFile; fileRef = 2BD27205172AB34A00C757E9 /* weibo_login.png */; };
		2BD27208172AB34A00C757E9 /* weibo_login@2x.png in Resources */ = {isa = PBXBuildFile; fileRef = 2BD27206172AB34A00C757E9 /* weibo_login@2x.png */; };
		2BD2720A172AB79700C757E9 /* QuartzCore.framework in Frameworks */ = {isa = PBXBuildFile; fileRef = 2BD27209172AB79700C757E9 /* QuartzCore.framework */; };
		2BD2723E172AC26600C757E9 /* navbar.png in Resources */ = {isa = PBXBuildFile; fileRef = 2BD2723D172AC26600C757E9 /* navbar.png */; };
		2BD27240172AC48700C757E9 /* Default-568h@2x.png in Resources */ = {isa = PBXBuildFile; fileRef = 2BD2723F172AC48700C757E9 /* Default-568h@2x.png */; };
		2BD27246172AD86E00C757E9 /* shakehome_normal.png in Resources */ = {isa = PBXBuildFile; fileRef = 2BD27242172AD86E00C757E9 /* shakehome_normal.png */; };
		2BD27247172AD86E00C757E9 /* shakehome_normal@2x.png in Resources */ = {isa = PBXBuildFile; fileRef = 2BD27243172AD86E00C757E9 /* shakehome_normal@2x.png */; };
		2BD27248172AD86E00C757E9 /* shakehome_pressed.png in Resources */ = {isa = PBXBuildFile; fileRef = 2BD27244172AD86E00C757E9 /* shakehome_pressed.png */; };
		2BD27249172AD86E00C757E9 /* shakehome_pressed@2x.png in Resources */ = {isa = PBXBuildFile; fileRef = 2BD27245172AD86E00C757E9 /* shakehome_pressed@2x.png */; };
		2BD2724C172ADDB000C757E9 /* entypo.ttf in Resources */ = {isa = PBXBuildFile; fileRef = 2BD2724A172AD9F500C757E9 /* entypo.ttf */; };
		2BD2724D172ADDB800C757E9 /* entypo-social.ttf in Resources */ = {isa = PBXBuildFile; fileRef = 2BD2724B172AD9F500C757E9 /* entypo-social.ttf */; };
		2BD2724F172B016600C757E9 /* navbar@2x.png in Resources */ = {isa = PBXBuildFile; fileRef = 2BD2724E172B016600C757E9 /* navbar@2x.png */; };
		2BD27272172B037F00C757E9 /* CoreImage.framework in Frameworks */ = {isa = PBXBuildFile; fileRef = 2BD27271172B037E00C757E9 /* CoreImage.framework */; };
		2BD27274172B038400C757E9 /* ImageIO.framework in Frameworks */ = {isa = PBXBuildFile; fileRef = 2BD27273172B038400C757E9 /* ImageIO.framework */; };
		2BD27277172B124F00C757E9 /* UIBarButtonItem+Linkkk.m in Sources */ = {isa = PBXBuildFile; fileRef = 2BD27276172B124E00C757E9 /* UIBarButtonItem+Linkkk.m */; };
		2BD532C817374D060050EDF7 /* profile_seg_bg.png in Resources */ = {isa = PBXBuildFile; fileRef = 2BD532C517374D060050EDF7 /* profile_seg_bg.png */; };
		2BD532C917374D060050EDF7 /* profile_seg_fg.png in Resources */ = {isa = PBXBuildFile; fileRef = 2BD532C617374D060050EDF7 /* profile_seg_fg.png */; };
		2BD532CA17374D060050EDF7 /* profile_seg_fg@2x.png in Resources */ = {isa = PBXBuildFile; fileRef = 2BD532C717374D060050EDF7 /* profile_seg_fg@2x.png */; };
		2BD532CD17374DF40050EDF7 /* profile_seg_div.png in Resources */ = {isa = PBXBuildFile; fileRef = 2BD532CB17374DF40050EDF7 /* profile_seg_div.png */; };
		2BD532CE17374DF40050EDF7 /* profile_seg_div@2x.png in Resources */ = {isa = PBXBuildFile; fileRef = 2BD532CC17374DF40050EDF7 /* profile_seg_div@2x.png */; };
		2BD532D41737D1680050EDF7 /* LKPlacePickerViewController.m in Sources */ = {isa = PBXBuildFile; fileRef = 2BD532D31737D1680050EDF7 /* LKPlacePickerViewController.m */; };
		2BD532D71737D70B0050EDF7 /* UIViewController+Linkkk.m in Sources */ = {isa = PBXBuildFile; fileRef = 2BD532D61737D70B0050EDF7 /* UIViewController+Linkkk.m */; };
		2BD532DA1737E4870050EDF7 /* searchbar_bg.png in Resources */ = {isa = PBXBuildFile; fileRef = 2BD532D81737E4870050EDF7 /* searchbar_bg.png */; };
		2BD532DB1737E4870050EDF7 /* searchbar_bg@2x.png in Resources */ = {isa = PBXBuildFile; fileRef = 2BD532D91737E4870050EDF7 /* searchbar_bg@2x.png */; };
		2BD532DE1737E5260050EDF7 /* LKPlacePickerCell.m in Sources */ = {isa = PBXBuildFile; fileRef = 2BD532DD1737E5260050EDF7 /* LKPlacePickerCell.m */; };
		2BF71BE6173F44DC009C4AED /* UIImage+Linkkk.m in Sources */ = {isa = PBXBuildFile; fileRef = 2BF71BE5173F44DC009C4AED /* UIImage+Linkkk.m */; };
/* End PBXBuildFile section */

/* Begin PBXFileReference section */
		2B0B74BD174C88DC00646CD1 /* LKDropDownOptionsView.h */ = {isa = PBXFileReference; fileEncoding = 4; lastKnownFileType = sourcecode.c.h; path = LKDropDownOptionsView.h; sourceTree = "<group>"; };
		2B0B74BE174C88DC00646CD1 /* LKDropDownOptionsView.m */ = {isa = PBXFileReference; fileEncoding = 4; lastKnownFileType = sourcecode.c.objc; path = LKDropDownOptionsView.m; sourceTree = "<group>"; };
		2B0B74C0174D187F00646CD1 /* LKDefaults.h */ = {isa = PBXFileReference; fileEncoding = 4; lastKnownFileType = sourcecode.c.h; path = LKDefaults.h; sourceTree = "<group>"; };
		2B0B74C1174D187F00646CD1 /* LKDefaults.m */ = {isa = PBXFileReference; fileEncoding = 4; lastKnownFileType = sourcecode.c.objc; path = LKDefaults.m; sourceTree = "<group>"; };
		2B286FA61724600D00A454FE /* LKPlace.h */ = {isa = PBXFileReference; fileEncoding = 4; lastKnownFileType = sourcecode.c.h; path = LKPlace.h; sourceTree = "<group>"; };
		2B286FA71724600D00A454FE /* LKPlace.m */ = {isa = PBXFileReference; fileEncoding = 4; lastKnownFileType = sourcecode.c.objc; path = LKPlace.m; sourceTree = "<group>"; };
		2B286FA91724610A00A454FE /* CoreLocation.framework */ = {isa = PBXFileReference; lastKnownFileType = wrapper.framework; name = CoreLocation.framework; path = System/Library/Frameworks/CoreLocation.framework; sourceTree = SDKROOT; };
		2B286FAB1724C66D00A454FE /* LKPlaceViewController.h */ = {isa = PBXFileReference; fileEncoding = 4; lastKnownFileType = sourcecode.c.h; path = LKPlaceViewController.h; sourceTree = "<group>"; };
		2B286FAC1724C66D00A454FE /* LKPlaceViewController.m */ = {isa = PBXFileReference; fileEncoding = 4; lastKnownFileType = sourcecode.c.objc; path = LKPlaceViewController.m; sourceTree = "<group>"; };
		2B286FAE1724CAF900A454FE /* LKMainView.h */ = {isa = PBXFileReference; fileEncoding = 4; lastKnownFileType = sourcecode.c.h; path = LKMainView.h; sourceTree = "<group>"; };
		2B286FAF1724CAF900A454FE /* LKMainView.m */ = {isa = PBXFileReference; fileEncoding = 4; lastKnownFileType = sourcecode.c.objc; path = LKMainView.m; sourceTree = "<group>"; };
		2B29ECF8171D92C900235616 /* input.json */ = {isa = PBXFileReference; fileEncoding = 4; lastKnownFileType = text.json; path = input.json; sourceTree = "<group>"; };
		2B396C71173EA21300152BA1 /* UIButton+Linkkk.h */ = {isa = PBXFileReference; fileEncoding = 4; lastKnownFileType = sourcecode.c.h; path = "UIButton+Linkkk.h"; sourceTree = "<group>"; };
		2B396C72173EA21300152BA1 /* UIButton+Linkkk.m */ = {isa = PBXFileReference; fileEncoding = 4; lastKnownFileType = sourcecode.c.objc; path = "UIButton+Linkkk.m"; sourceTree = "<group>"; };
		2B396C75173EA85D00152BA1 /* HPGrowingTextView.h */ = {isa = PBXFileReference; fileEncoding = 4; lastKnownFileType = sourcecode.c.h; path = HPGrowingTextView.h; sourceTree = "<group>"; };
		2B396C76173EA85D00152BA1 /* HPGrowingTextView.m */ = {isa = PBXFileReference; fileEncoding = 4; lastKnownFileType = sourcecode.c.objc; path = HPGrowingTextView.m; sourceTree = "<group>"; };
		2B396C77173EA85D00152BA1 /* HPTextViewInternal.h */ = {isa = PBXFileReference; fileEncoding = 4; lastKnownFileType = sourcecode.c.h; path = HPTextViewInternal.h; sourceTree = "<group>"; };
		2B396C78173EA85D00152BA1 /* HPTextViewInternal.m */ = {isa = PBXFileReference; fileEncoding = 4; lastKnownFileType = sourcecode.c.objc; path = HPTextViewInternal.m; sourceTree = "<group>"; };
		2B647AFA1736C89B0063F431 /* LKLoadingView.h */ = {isa = PBXFileReference; fileEncoding = 4; lastKnownFileType = sourcecode.c.h; path = LKLoadingView.h; sourceTree = "<group>"; };
		2B647AFB1736C89B0063F431 /* LKLoadingView.m */ = {isa = PBXFileReference; fileEncoding = 4; lastKnownFileType = sourcecode.c.objc; path = LKLoadingView.m; sourceTree = "<group>"; };
		2B67CA60174FE63000D87D86 /* LKShareWeiboViewController.h */ = {isa = PBXFileReference; fileEncoding = 4; lastKnownFileType = sourcecode.c.h; path = LKShareWeiboViewController.h; sourceTree = "<group>"; };
		2B67CA61174FE63000D87D86 /* LKShareWeiboViewController.m */ = {isa = PBXFileReference; fileEncoding = 4; lastKnownFileType = sourcecode.c.objc; path = LKShareWeiboViewController.m; sourceTree = "<group>"; };
		2B68C05C175B81190036C1E9 /* AudioToolbox.framework */ = {isa = PBXFileReference; lastKnownFileType = wrapper.framework; name = AudioToolbox.framework; path = System/Library/Frameworks/AudioToolbox.framework; sourceTree = SDKROOT; };
		2B68C05E175B8FE40036C1E9 /* shake_normal.png */ = {isa = PBXFileReference; lastKnownFileType = image.png; path = shake_normal.png; sourceTree = "<group>"; };
		2B68C05F175B8FE40036C1E9 /* shake_normal@2x.png */ = {isa = PBXFileReference; lastKnownFileType = image.png; path = "shake_normal@2x.png"; sourceTree = "<group>"; };
		2B68C0C41764BE2C0036C1E9 /* LKMapViewController.h */ = {isa = PBXFileReference; fileEncoding = 4; lastKnownFileType = sourcecode.c.h; path = LKMapViewController.h; sourceTree = "<group>"; };
		2B68C0C51764BE2C0036C1E9 /* LKMapViewController.m */ = {isa = PBXFileReference; fileEncoding = 4; lastKnownFileType = sourcecode.c.objc; path = LKMapViewController.m; sourceTree = "<group>"; };
		2B6B3BC81737104600916D44 /* UIColor+Linkkk.h */ = {isa = PBXFileReference; fileEncoding = 4; lastKnownFileType = sourcecode.c.h; path = "UIColor+Linkkk.h"; sourceTree = "<group>"; };
		2B6B3BC91737104600916D44 /* UIColor+Linkkk.m */ = {isa = PBXFileReference; fileEncoding = 4; lastKnownFileType = sourcecode.c.objc; path = "UIColor+Linkkk.m"; sourceTree = "<group>"; };
		2B6B3BCB1737179400916D44 /* profile_seg_bg@2x.png */ = {isa = PBXFileReference; lastKnownFileType = image.png; path = "profile_seg_bg@2x.png"; sourceTree = "<group>"; };
		2B8C74F71726AA230075F2D1 /* LKCreateViewController.h */ = {isa = PBXFileReference; fileEncoding = 4; lastKnownFileType = sourcecode.c.h; path = LKCreateViewController.h; sourceTree = "<group>"; };
		2B8C74F81726AA230075F2D1 /* LKCreateViewController.m */ = {isa = PBXFileReference; fileEncoding = 4; lastKnownFileType = sourcecode.c.objc; path = LKCreateViewController.m; sourceTree = "<group>"; };
		2B97EE79172B83CA004A1FCB /* avatar_overlay.png */ = {isa = PBXFileReference; lastKnownFileType = image.png; path = avatar_overlay.png; sourceTree = "<group>"; };
		2B97EE7B172BFD11004A1FCB /* avatar_overlay@2x.png */ = {isa = PBXFileReference; lastKnownFileType = image.png; path = "avatar_overlay@2x.png"; sourceTree = "<group>"; };
		2BA334B4173D43A700325D25 /* AGImagePickerController+Helper.h */ = {isa = PBXFileReference; fileEncoding = 4; lastKnownFileType = sourcecode.c.h; path = "AGImagePickerController+Helper.h"; sourceTree = "<group>"; };
		2BA334B5173D43A700325D25 /* AGImagePickerController+Helper.m */ = {isa = PBXFileReference; fileEncoding = 4; lastKnownFileType = sourcecode.c.objc; path = "AGImagePickerController+Helper.m"; sourceTree = "<group>"; };
		2BA334B6173D43A700325D25 /* AGImagePickerController.bundle */ = {isa = PBXFileReference; lastKnownFileType = "wrapper.plug-in"; path = AGImagePickerController.bundle; sourceTree = "<group>"; };
		2BA334B7173D43A700325D25 /* AGImagePickerController.h */ = {isa = PBXFileReference; fileEncoding = 4; lastKnownFileType = sourcecode.c.h; path = AGImagePickerController.h; sourceTree = "<group>"; };
		2BA334B8173D43A700325D25 /* AGImagePickerController.m */ = {isa = PBXFileReference; fileEncoding = 4; lastKnownFileType = sourcecode.c.objc; path = AGImagePickerController.m; sourceTree = "<group>"; };
		2BA334B9173D43A700325D25 /* AGImagePickerControllerDefines.h */ = {isa = PBXFileReference; fileEncoding = 4; lastKnownFileType = sourcecode.c.h; path = AGImagePickerControllerDefines.h; sourceTree = "<group>"; };
		2BA334BA173D43A700325D25 /* AGIPCAlbumsController.h */ = {isa = PBXFileReference; fileEncoding = 4; lastKnownFileType = sourcecode.c.h; path = AGIPCAlbumsController.h; sourceTree = "<group>"; };
		2BA334BB173D43A700325D25 /* AGIPCAlbumsController.m */ = {isa = PBXFileReference; fileEncoding = 4; lastKnownFileType = sourcecode.c.objc; path = AGIPCAlbumsController.m; sourceTree = "<group>"; };
		2BA334BC173D43A700325D25 /* AGIPCAssetsController.h */ = {isa = PBXFileReference; fileEncoding = 4; lastKnownFileType = sourcecode.c.h; path = AGIPCAssetsController.h; sourceTree = "<group>"; };
		2BA334BD173D43A700325D25 /* AGIPCAssetsController.m */ = {isa = PBXFileReference; fileEncoding = 4; lastKnownFileType = sourcecode.c.objc; path = AGIPCAssetsController.m; sourceTree = "<group>"; };
		2BA334BE173D43A700325D25 /* AGIPCGridCell.h */ = {isa = PBXFileReference; fileEncoding = 4; lastKnownFileType = sourcecode.c.h; path = AGIPCGridCell.h; sourceTree = "<group>"; };
		2BA334BF173D43A700325D25 /* AGIPCGridCell.m */ = {isa = PBXFileReference; fileEncoding = 4; lastKnownFileType = sourcecode.c.objc; path = AGIPCGridCell.m; sourceTree = "<group>"; };
		2BA334C0173D43A700325D25 /* AGIPCGridItem.h */ = {isa = PBXFileReference; fileEncoding = 4; lastKnownFileType = sourcecode.c.h; path = AGIPCGridItem.h; sourceTree = "<group>"; };
		2BA334C1173D43A700325D25 /* AGIPCGridItem.m */ = {isa = PBXFileReference; fileEncoding = 4; lastKnownFileType = sourcecode.c.objc; path = AGIPCGridItem.m; sourceTree = "<group>"; };
		2BA334C2173D43A700325D25 /* AGIPCToolbarItem.h */ = {isa = PBXFileReference; fileEncoding = 4; lastKnownFileType = sourcecode.c.h; path = AGIPCToolbarItem.h; sourceTree = "<group>"; };
		2BA334C3173D43A700325D25 /* AGIPCToolbarItem.m */ = {isa = PBXFileReference; fileEncoding = 4; lastKnownFileType = sourcecode.c.objc; path = AGIPCToolbarItem.m; sourceTree = "<group>"; };
		2BA334C4173D43A700325D25 /* ALAsset+AGIPC.h */ = {isa = PBXFileReference; fileEncoding = 4; lastKnownFileType = sourcecode.c.h; path = "ALAsset+AGIPC.h"; sourceTree = "<group>"; };
		2BA334C5173D43A700325D25 /* ALAsset+AGIPC.m */ = {isa = PBXFileReference; fileEncoding = 4; lastKnownFileType = sourcecode.c.objc; path = "ALAsset+AGIPC.m"; sourceTree = "<group>"; };
		2BA334CF173D43BA00325D25 /* AssetsLibrary.framework */ = {isa = PBXFileReference; lastKnownFileType = wrapper.framework; name = AssetsLibrary.framework; path = System/Library/Frameworks/AssetsLibrary.framework; sourceTree = SDKROOT; };
		2BA334D1173D569200325D25 /* LKNavViewController.h */ = {isa = PBXFileReference; fileEncoding = 4; lastKnownFileType = sourcecode.c.h; path = LKNavViewController.h; sourceTree = "<group>"; };
		2BA334D2173D569200325D25 /* LKNavViewController.mm */ = {isa = PBXFileReference; fileEncoding = 4; lastKnownFileType = sourcecode.cpp.objcpp; path = LKNavViewController.mm; sourceTree = "<group>"; xcLanguageSpecificationIdentifier = xcode.lang.objcpp; };
		2BA334EF173E08C100325D25 /* MWCaptionView.h */ = {isa = PBXFileReference; fileEncoding = 4; lastKnownFileType = sourcecode.c.h; path = MWCaptionView.h; sourceTree = "<group>"; };
		2BA334F0173E08C100325D25 /* MWCaptionView.m */ = {isa = PBXFileReference; fileEncoding = 4; lastKnownFileType = sourcecode.c.objc; path = MWCaptionView.m; sourceTree = "<group>"; };
		2BA334F1173E08C100325D25 /* MWPhoto.h */ = {isa = PBXFileReference; fileEncoding = 4; lastKnownFileType = sourcecode.c.h; path = MWPhoto.h; sourceTree = "<group>"; };
		2BA334F2173E08C100325D25 /* MWPhoto.m */ = {isa = PBXFileReference; fileEncoding = 4; lastKnownFileType = sourcecode.c.objc; path = MWPhoto.m; sourceTree = "<group>"; };
		2BA334F3173E08C100325D25 /* MWPhotoBrowser.bundle */ = {isa = PBXFileReference; lastKnownFileType = "wrapper.plug-in"; path = MWPhotoBrowser.bundle; sourceTree = "<group>"; };
		2BA334F4173E08C100325D25 /* MWPhotoBrowser.h */ = {isa = PBXFileReference; fileEncoding = 4; lastKnownFileType = sourcecode.c.h; path = MWPhotoBrowser.h; sourceTree = "<group>"; };
		2BA334F5173E08C100325D25 /* MWPhotoBrowser.m */ = {isa = PBXFileReference; fileEncoding = 4; lastKnownFileType = sourcecode.c.objc; path = MWPhotoBrowser.m; sourceTree = "<group>"; };
		2BA334F6173E08C100325D25 /* MWPhotoProtocol.h */ = {isa = PBXFileReference; fileEncoding = 4; lastKnownFileType = sourcecode.c.h; path = MWPhotoProtocol.h; sourceTree = "<group>"; };
		2BA334F7173E08C100325D25 /* MWTapDetectingImageView.h */ = {isa = PBXFileReference; fileEncoding = 4; lastKnownFileType = sourcecode.c.h; path = MWTapDetectingImageView.h; sourceTree = "<group>"; };
		2BA334F8173E08C100325D25 /* MWTapDetectingImageView.m */ = {isa = PBXFileReference; fileEncoding = 4; lastKnownFileType = sourcecode.c.objc; path = MWTapDetectingImageView.m; sourceTree = "<group>"; };
		2BA334F9173E08C100325D25 /* MWTapDetectingView.h */ = {isa = PBXFileReference; fileEncoding = 4; lastKnownFileType = sourcecode.c.h; path = MWTapDetectingView.h; sourceTree = "<group>"; };
		2BA334FA173E08C100325D25 /* MWTapDetectingView.m */ = {isa = PBXFileReference; fileEncoding = 4; lastKnownFileType = sourcecode.c.objc; path = MWTapDetectingView.m; sourceTree = "<group>"; };
		2BA334FB173E08C100325D25 /* MWZoomingScrollView.h */ = {isa = PBXFileReference; fileEncoding = 4; lastKnownFileType = sourcecode.c.h; path = MWZoomingScrollView.h; sourceTree = "<group>"; };
		2BA334FC173E08C100325D25 /* MWZoomingScrollView.m */ = {isa = PBXFileReference; fileEncoding = 4; lastKnownFileType = sourcecode.c.objc; path = MWZoomingScrollView.m; sourceTree = "<group>"; };
		2BA33505173E08CE00325D25 /* MBProgressHUD.h */ = {isa = PBXFileReference; fileEncoding = 4; lastKnownFileType = sourcecode.c.h; path = MBProgressHUD.h; sourceTree = "<group>"; };
		2BA33506173E08CE00325D25 /* MBProgressHUD.m */ = {isa = PBXFileReference; fileEncoding = 4; lastKnownFileType = sourcecode.c.objc; path = MBProgressHUD.m; sourceTree = "<group>"; };
		2BA33509173E093400325D25 /* SDImageCache.h */ = {isa = PBXFileReference; fileEncoding = 4; lastKnownFileType = sourcecode.c.h; path = SDImageCache.h; sourceTree = "<group>"; };
		2BA3350A173E093400325D25 /* SDImageCache.m */ = {isa = PBXFileReference; fileEncoding = 4; lastKnownFileType = sourcecode.c.objc; path = SDImageCache.m; sourceTree = "<group>"; };
		2BA3350B173E093400325D25 /* SDImageCacheDelegate.h */ = {isa = PBXFileReference; fileEncoding = 4; lastKnownFileType = sourcecode.c.h; path = SDImageCacheDelegate.h; sourceTree = "<group>"; };
		2BA3350C173E093400325D25 /* SDWebImageCompat.h */ = {isa = PBXFileReference; fileEncoding = 4; lastKnownFileType = sourcecode.c.h; path = SDWebImageCompat.h; sourceTree = "<group>"; };
		2BA3350D173E093400325D25 /* SDWebImageDecoder.h */ = {isa = PBXFileReference; fileEncoding = 4; lastKnownFileType = sourcecode.c.h; path = SDWebImageDecoder.h; sourceTree = "<group>"; };
		2BA3350E173E093400325D25 /* SDWebImageDecoder.m */ = {isa = PBXFileReference; fileEncoding = 4; lastKnownFileType = sourcecode.c.objc; path = SDWebImageDecoder.m; sourceTree = "<group>"; };
		2BA3350F173E093400325D25 /* SDWebImageDownloader.h */ = {isa = PBXFileReference; fileEncoding = 4; lastKnownFileType = sourcecode.c.h; path = SDWebImageDownloader.h; sourceTree = "<group>"; };
		2BA33510173E093400325D25 /* SDWebImageDownloader.m */ = {isa = PBXFileReference; fileEncoding = 4; lastKnownFileType = sourcecode.c.objc; path = SDWebImageDownloader.m; sourceTree = "<group>"; };
		2BA33511173E093400325D25 /* SDWebImageDownloaderDelegate.h */ = {isa = PBXFileReference; fileEncoding = 4; lastKnownFileType = sourcecode.c.h; path = SDWebImageDownloaderDelegate.h; sourceTree = "<group>"; };
		2BA33512173E093400325D25 /* SDWebImageManager.h */ = {isa = PBXFileReference; fileEncoding = 4; lastKnownFileType = sourcecode.c.h; path = SDWebImageManager.h; sourceTree = "<group>"; };
		2BA33513173E093400325D25 /* SDWebImageManager.m */ = {isa = PBXFileReference; fileEncoding = 4; lastKnownFileType = sourcecode.c.objc; path = SDWebImageManager.m; sourceTree = "<group>"; };
		2BA33514173E093400325D25 /* SDWebImageManagerDelegate.h */ = {isa = PBXFileReference; fileEncoding = 4; lastKnownFileType = sourcecode.c.h; path = SDWebImageManagerDelegate.h; sourceTree = "<group>"; };
		2BA33515173E093400325D25 /* SDWebImagePrefetcher.h */ = {isa = PBXFileReference; fileEncoding = 4; lastKnownFileType = sourcecode.c.h; path = SDWebImagePrefetcher.h; sourceTree = "<group>"; };
		2BA33516173E093400325D25 /* SDWebImagePrefetcher.m */ = {isa = PBXFileReference; fileEncoding = 4; lastKnownFileType = sourcecode.c.objc; path = SDWebImagePrefetcher.m; sourceTree = "<group>"; };
		2BA33517173E093400325D25 /* UIButton+WebCache.h */ = {isa = PBXFileReference; fileEncoding = 4; lastKnownFileType = sourcecode.c.h; path = "UIButton+WebCache.h"; sourceTree = "<group>"; };
		2BA33518173E093400325D25 /* UIButton+WebCache.m */ = {isa = PBXFileReference; fileEncoding = 4; lastKnownFileType = sourcecode.c.objc; path = "UIButton+WebCache.m"; sourceTree = "<group>"; };
		2BA33519173E093400325D25 /* UIImageView+WebCache.h */ = {isa = PBXFileReference; fileEncoding = 4; lastKnownFileType = sourcecode.c.h; path = "UIImageView+WebCache.h"; sourceTree = "<group>"; };
		2BA3351A173E093400325D25 /* UIImageView+WebCache.m */ = {isa = PBXFileReference; fileEncoding = 4; lastKnownFileType = sourcecode.c.objc; path = "UIImageView+WebCache.m"; sourceTree = "<group>"; };
		2BA33522173E09AD00325D25 /* MessageUI.framework */ = {isa = PBXFileReference; lastKnownFileType = wrapper.framework; name = MessageUI.framework; path = System/Library/Frameworks/MessageUI.framework; sourceTree = SDKROOT; };
		2BA510C9171C2856009A6547 /* Linkkk.app */ = {isa = PBXFileReference; explicitFileType = wrapper.application; includeInIndex = 0; path = Linkkk.app; sourceTree = BUILT_PRODUCTS_DIR; };
		2BA510CD171C2856009A6547 /* UIKit.framework */ = {isa = PBXFileReference; lastKnownFileType = wrapper.framework; name = UIKit.framework; path = System/Library/Frameworks/UIKit.framework; sourceTree = SDKROOT; };
		2BA510CF171C2856009A6547 /* Foundation.framework */ = {isa = PBXFileReference; lastKnownFileType = wrapper.framework; name = Foundation.framework; path = System/Library/Frameworks/Foundation.framework; sourceTree = SDKROOT; };
		2BA510D1171C2856009A6547 /* CoreGraphics.framework */ = {isa = PBXFileReference; lastKnownFileType = wrapper.framework; name = CoreGraphics.framework; path = System/Library/Frameworks/CoreGraphics.framework; sourceTree = SDKROOT; };
		2BA510D5171C2856009A6547 /* Linkkk-Info.plist */ = {isa = PBXFileReference; lastKnownFileType = text.plist.xml; path = "Linkkk-Info.plist"; sourceTree = "<group>"; };
		2BA510D7171C2856009A6547 /* en */ = {isa = PBXFileReference; lastKnownFileType = text.plist.strings; name = en; path = en.lproj/InfoPlist.strings; sourceTree = "<group>"; };
		2BA510D9171C2856009A6547 /* main.m */ = {isa = PBXFileReference; lastKnownFileType = sourcecode.c.objc; path = main.m; sourceTree = "<group>"; };
		2BA510DB171C2856009A6547 /* Linkkk-Prefix.pch */ = {isa = PBXFileReference; lastKnownFileType = sourcecode.c.h; path = "Linkkk-Prefix.pch"; sourceTree = "<group>"; };
		2BA510DC171C2856009A6547 /* LKAppDelegate.h */ = {isa = PBXFileReference; lastKnownFileType = sourcecode.c.h; path = LKAppDelegate.h; sourceTree = "<group>"; };
		2BA510DD171C2856009A6547 /* LKAppDelegate.m */ = {isa = PBXFileReference; lastKnownFileType = sourcecode.c.objc; path = LKAppDelegate.m; sourceTree = "<group>"; };
		2BA510E6171C2856009A6547 /* en */ = {isa = PBXFileReference; lastKnownFileType = file.storyboard; name = en; path = en.lproj/MainStoryboard.storyboard; sourceTree = "<group>"; };
		2BA510E8171C2856009A6547 /* LKMainViewController.h */ = {isa = PBXFileReference; lastKnownFileType = sourcecode.c.h; path = LKMainViewController.h; sourceTree = "<group>"; };
		2BA510E9171C2856009A6547 /* LKMainViewController.m */ = {isa = PBXFileReference; lastKnownFileType = sourcecode.c.objc; path = LKMainViewController.m; sourceTree = "<group>"; };
		2BA510F6171C39D2009A6547 /* JSONKit.h */ = {isa = PBXFileReference; fileEncoding = 4; lastKnownFileType = sourcecode.c.h; path = JSONKit.h; sourceTree = "<group>"; };
		2BA510F7171C39D2009A6547 /* JSONKit.m */ = {isa = PBXFileReference; fileEncoding = 4; lastKnownFileType = sourcecode.c.objc; path = JSONKit.m; sourceTree = "<group>"; };
		2BA510F9171C39D2009A6547 /* SinaWeibo.bundle */ = {isa = PBXFileReference; lastKnownFileType = "wrapper.plug-in"; path = SinaWeibo.bundle; sourceTree = "<group>"; };
		2BA510FA171C39D2009A6547 /* SinaWeibo.h */ = {isa = PBXFileReference; fileEncoding = 4; lastKnownFileType = sourcecode.c.h; path = SinaWeibo.h; sourceTree = "<group>"; };
		2BA510FB171C39D2009A6547 /* SinaWeibo.m */ = {isa = PBXFileReference; fileEncoding = 4; lastKnownFileType = sourcecode.c.objc; path = SinaWeibo.m; sourceTree = "<group>"; };
		2BA510FC171C39D2009A6547 /* SinaWeiboAuthorizeView.h */ = {isa = PBXFileReference; fileEncoding = 4; lastKnownFileType = sourcecode.c.h; path = SinaWeiboAuthorizeView.h; sourceTree = "<group>"; };
		2BA510FD171C39D2009A6547 /* SinaWeiboAuthorizeView.m */ = {isa = PBXFileReference; fileEncoding = 4; lastKnownFileType = sourcecode.c.objc; path = SinaWeiboAuthorizeView.m; sourceTree = "<group>"; };
		2BA510FE171C39D2009A6547 /* SinaWeiboConstants.h */ = {isa = PBXFileReference; fileEncoding = 4; lastKnownFileType = sourcecode.c.h; path = SinaWeiboConstants.h; sourceTree = "<group>"; };
		2BA510FF171C39D2009A6547 /* SinaWeiboRequest.h */ = {isa = PBXFileReference; fileEncoding = 4; lastKnownFileType = sourcecode.c.h; path = SinaWeiboRequest.h; sourceTree = "<group>"; };
		2BA51100171C39D2009A6547 /* SinaWeiboRequest.m */ = {isa = PBXFileReference; fileEncoding = 4; lastKnownFileType = sourcecode.c.objc; path = SinaWeiboRequest.m; sourceTree = "<group>"; };
		2BA51109171C413E009A6547 /* LKLoginViewController.h */ = {isa = PBXFileReference; fileEncoding = 4; lastKnownFileType = sourcecode.c.h; path = LKLoginViewController.h; sourceTree = "<group>"; };
		2BA5110A171C413E009A6547 /* LKLoginViewController.m */ = {isa = PBXFileReference; fileEncoding = 4; lastKnownFileType = sourcecode.c.objc; path = LKLoginViewController.m; sourceTree = "<group>"; };
		2BBD25C1171EEF7C002BA661 /* MapKit.framework */ = {isa = PBXFileReference; lastKnownFileType = wrapper.framework; name = MapKit.framework; path = System/Library/Frameworks/MapKit.framework; sourceTree = SDKROOT; };
		2BCE7722173AE8BA00EBBE95 /* CLPlacemark+Linkkk.h */ = {isa = PBXFileReference; fileEncoding = 4; lastKnownFileType = sourcecode.c.h; path = "CLPlacemark+Linkkk.h"; sourceTree = "<group>"; };
		2BCE7723173AE8BA00EBBE95 /* CLPlacemark+Linkkk.m */ = {isa = PBXFileReference; fileEncoding = 4; lastKnownFileType = sourcecode.c.objc; path = "CLPlacemark+Linkkk.m"; sourceTree = "<group>"; };
		2BCE7725173B23F800EBBE95 /* LKSettingViewController.h */ = {isa = PBXFileReference; fileEncoding = 4; lastKnownFileType = sourcecode.c.h; path = LKSettingViewController.h; sourceTree = "<group>"; };
		2BCE7726173B23F800EBBE95 /* LKSettingViewController.m */ = {isa = PBXFileReference; fileEncoding = 4; lastKnownFileType = sourcecode.c.objc; path = LKSettingViewController.m; sourceTree = "<group>"; };
		2BCE772B173B35E700EBBE95 /* vertical.png */ = {isa = PBXFileReference; lastKnownFileType = image.png; path = vertical.png; sourceTree = "<group>"; };
		2BCE772C173B35E700EBBE95 /* vertical@2x.png */ = {isa = PBXFileReference; lastKnownFileType = image.png; path = "vertical@2x.png"; sourceTree = "<group>"; };
		2BCE772F173B36F300EBBE95 /* verticalpixel.png */ = {isa = PBXFileReference; lastKnownFileType = image.png; path = verticalpixel.png; sourceTree = "<group>"; };
		2BCE7730173B36F300EBBE95 /* verticalpixel@2x.png */ = {isa = PBXFileReference; lastKnownFileType = image.png; path = "verticalpixel@2x.png"; sourceTree = "<group>"; };
		2BCE7763173C3BCE00EBBE95 /* BMapKit.h */ = {isa = PBXFileReference; lastKnownFileType = sourcecode.c.h; path = BMapKit.h; sourceTree = "<group>"; };
		2BCE7764173C3BCE00EBBE95 /* BMKAnnotation.h */ = {isa = PBXFileReference; lastKnownFileType = sourcecode.c.h; path = BMKAnnotation.h; sourceTree = "<group>"; };
		2BCE7765173C3BCE00EBBE95 /* BMKAnnotationView.h */ = {isa = PBXFileReference; lastKnownFileType = sourcecode.c.h; path = BMKAnnotationView.h; sourceTree = "<group>"; };
		2BCE7766173C3BCE00EBBE95 /* BMKCircle.h */ = {isa = PBXFileReference; lastKnownFileType = sourcecode.c.h; path = BMKCircle.h; sourceTree = "<group>"; };
		2BCE7767173C3BCE00EBBE95 /* BMKCircleView.h */ = {isa = PBXFileReference; lastKnownFileType = sourcecode.c.h; path = BMKCircleView.h; sourceTree = "<group>"; };
		2BCE7768173C3BCE00EBBE95 /* BMKGeneralDelegate.h */ = {isa = PBXFileReference; lastKnownFileType = sourcecode.c.h; path = BMKGeneralDelegate.h; sourceTree = "<group>"; };
		2BCE7769173C3BCE00EBBE95 /* BMKGeocodeType.h */ = {isa = PBXFileReference; lastKnownFileType = sourcecode.c.h; path = BMKGeocodeType.h; sourceTree = "<group>"; };
		2BCE776A173C3BCE00EBBE95 /* BMKGeometry.h */ = {isa = PBXFileReference; lastKnownFileType = sourcecode.c.h; path = BMKGeometry.h; sourceTree = "<group>"; };
		2BCE776B173C3BCE00EBBE95 /* BMKMapManager.h */ = {isa = PBXFileReference; lastKnownFileType = sourcecode.c.h; path = BMKMapManager.h; sourceTree = "<group>"; };
		2BCE776C173C3BCE00EBBE95 /* BMKMapView.h */ = {isa = PBXFileReference; lastKnownFileType = sourcecode.c.h; path = BMKMapView.h; sourceTree = "<group>"; };
		2BCE776D173C3BCE00EBBE95 /* BMKMultiPoint.h */ = {isa = PBXFileReference; lastKnownFileType = sourcecode.c.h; path = BMKMultiPoint.h; sourceTree = "<group>"; };
		2BCE776E173C3BCE00EBBE95 /* BMKOfflineMap.h */ = {isa = PBXFileReference; lastKnownFileType = sourcecode.c.h; path = BMKOfflineMap.h; sourceTree = "<group>"; };
		2BCE776F173C3BCE00EBBE95 /* BMKOfflineMapType.h */ = {isa = PBXFileReference; lastKnownFileType = sourcecode.c.h; path = BMKOfflineMapType.h; sourceTree = "<group>"; };
		2BCE7770173C3BCE00EBBE95 /* BMKOverlay.h */ = {isa = PBXFileReference; lastKnownFileType = sourcecode.c.h; path = BMKOverlay.h; sourceTree = "<group>"; };
		2BCE7771173C3BCE00EBBE95 /* BMKOverlayPathView.h */ = {isa = PBXFileReference; lastKnownFileType = sourcecode.c.h; path = BMKOverlayPathView.h; sourceTree = "<group>"; };
		2BCE7772173C3BCE00EBBE95 /* BMKOverlayView.h */ = {isa = PBXFileReference; lastKnownFileType = sourcecode.c.h; path = BMKOverlayView.h; sourceTree = "<group>"; };
		2BCE7773173C3BCE00EBBE95 /* BMKPinAnnotationView.h */ = {isa = PBXFileReference; lastKnownFileType = sourcecode.c.h; path = BMKPinAnnotationView.h; sourceTree = "<group>"; };
		2BCE7774173C3BCE00EBBE95 /* BMKPointAnnotation.h */ = {isa = PBXFileReference; lastKnownFileType = sourcecode.c.h; path = BMKPointAnnotation.h; sourceTree = "<group>"; };
		2BCE7775173C3BCE00EBBE95 /* BMKPoiSearchType.h */ = {isa = PBXFileReference; lastKnownFileType = sourcecode.c.h; path = BMKPoiSearchType.h; sourceTree = "<group>"; };
		2BCE7776173C3BCE00EBBE95 /* BMKPolygon.h */ = {isa = PBXFileReference; lastKnownFileType = sourcecode.c.h; path = BMKPolygon.h; sourceTree = "<group>"; };
		2BCE7777173C3BCE00EBBE95 /* BMKPolygonView.h */ = {isa = PBXFileReference; lastKnownFileType = sourcecode.c.h; path = BMKPolygonView.h; sourceTree = "<group>"; };
		2BCE7778173C3BCE00EBBE95 /* BMKPolyline.h */ = {isa = PBXFileReference; lastKnownFileType = sourcecode.c.h; path = BMKPolyline.h; sourceTree = "<group>"; };
		2BCE7779173C3BCE00EBBE95 /* BMKPolylineView.h */ = {isa = PBXFileReference; lastKnownFileType = sourcecode.c.h; path = BMKPolylineView.h; sourceTree = "<group>"; };
		2BCE777A173C3BCE00EBBE95 /* BMKRouteSearchType.h */ = {isa = PBXFileReference; lastKnownFileType = sourcecode.c.h; path = BMKRouteSearchType.h; sourceTree = "<group>"; };
		2BCE777B173C3BCE00EBBE95 /* BMKSearch.h */ = {isa = PBXFileReference; lastKnownFileType = sourcecode.c.h; path = BMKSearch.h; sourceTree = "<group>"; };
		2BCE777C173C3BCE00EBBE95 /* BMKShape.h */ = {isa = PBXFileReference; lastKnownFileType = sourcecode.c.h; path = BMKShape.h; sourceTree = "<group>"; };
		2BCE777D173C3BCE00EBBE95 /* BMKTypes.h */ = {isa = PBXFileReference; lastKnownFileType = sourcecode.c.h; path = BMKTypes.h; sourceTree = "<group>"; };
		2BCE777E173C3BCE00EBBE95 /* BMKUserLocation.h */ = {isa = PBXFileReference; lastKnownFileType = sourcecode.c.h; path = BMKUserLocation.h; sourceTree = "<group>"; };
		2BCE777F173C3BCE00EBBE95 /* BMKVersion.h */ = {isa = PBXFileReference; lastKnownFileType = sourcecode.c.h; path = BMKVersion.h; sourceTree = "<group>"; };
		2BCE7780173C3D5D00EBBE95 /* libbaidumapapi.a */ = {isa = PBXFileReference; lastKnownFileType = archive.ar; path = libbaidumapapi.a; sourceTree = "<group>"; };
		2BCE7782173C3D6300EBBE95 /* mapapi.bundle */ = {isa = PBXFileReference; lastKnownFileType = "wrapper.plug-in"; path = mapapi.bundle; sourceTree = "<group>"; };
		2BCE7784173C3FAF00EBBE95 /* libc++.dylib */ = {isa = PBXFileReference; lastKnownFileType = "compiled.mach-o.dylib"; name = "libc++.dylib"; path = "usr/lib/libc++.dylib"; sourceTree = SDKROOT; };
		2BCE7786173C787600EBBE95 /* LKMapManager.h */ = {isa = PBXFileReference; fileEncoding = 4; lastKnownFileType = sourcecode.c.h; path = LKMapManager.h; sourceTree = "<group>"; };
		2BCE7787173C787600EBBE95 /* LKMapManager.m */ = {isa = PBXFileReference; fileEncoding = 4; lastKnownFileType = sourcecode.c.objc; path = LKMapManager.m; sourceTree = "<group>"; };
		2BD1DB1E171D978F0029949F /* LKPlaceView.h */ = {isa = PBXFileReference; fileEncoding = 4; lastKnownFileType = sourcecode.c.h; path = LKPlaceView.h; sourceTree = "<group>"; };
		2BD1DB1F171D978F0029949F /* LKPlaceView.m */ = {isa = PBXFileReference; fileEncoding = 4; lastKnownFileType = sourcecode.c.objc; path = LKPlaceView.m; sourceTree = "<group>"; };
		2BD1DB21171D9FE80029949F /* LKNearbyCell.h */ = {isa = PBXFileReference; fileEncoding = 4; lastKnownFileType = sourcecode.c.h; path = LKNearbyCell.h; sourceTree = "<group>"; };
		2BD1DB22171D9FE80029949F /* LKNearbyCell.m */ = {isa = PBXFileReference; fileEncoding = 4; lastKnownFileType = sourcecode.c.objc; path = LKNearbyCell.m; sourceTree = "<group>"; };
		2BD1DB24171DA0660029949F /* LKNearbyViewController.h */ = {isa = PBXFileReference; fileEncoding = 4; lastKnownFileType = sourcecode.c.h; path = LKNearbyViewController.h; sourceTree = "<group>"; };
		2BD1DB25171DA0660029949F /* LKNearbyViewController.m */ = {isa = PBXFileReference; fileEncoding = 4; lastKnownFileType = sourcecode.c.objc; path = LKNearbyViewController.m; sourceTree = "<group>"; };
		2BD1DB28171DCACA0029949F /* LKProfileViewController.h */ = {isa = PBXFileReference; fileEncoding = 4; lastKnownFileType = sourcecode.c.h; path = LKProfileViewController.h; sourceTree = "<group>"; };
		2BD1DB29171DCACA0029949F /* LKProfileViewController.m */ = {isa = PBXFileReference; fileEncoding = 4; lastKnownFileType = sourcecode.c.objc; path = LKProfileViewController.m; sourceTree = "<group>"; };
		2BD1DB2F171DD1AE0029949F /* LKProfile.h */ = {isa = PBXFileReference; fileEncoding = 4; lastKnownFileType = sourcecode.c.h; path = LKProfile.h; sourceTree = "<group>"; };
		2BD1DB30171DD1AF0029949F /* LKProfile.m */ = {isa = PBXFileReference; fileEncoding = 4; lastKnownFileType = sourcecode.c.objc; path = LKProfile.m; sourceTree = "<group>"; };
		2BD271FD172AB0DC00C757E9 /* Icon.png */ = {isa = PBXFileReference; lastKnownFileType = image.png; name = Icon.png; path = ../Icon.png; sourceTree = "<group>"; };
		2BD271FF172AB0E000C757E9 /* Icon@2x.png */ = {isa = PBXFileReference; lastKnownFileType = image.png; name = "Icon@2x.png"; path = "../Icon@2x.png"; sourceTree = "<group>"; };
		2BD27201172AB16300C757E9 /* Default.png */ = {isa = PBXFileReference; lastKnownFileType = image.png; name = Default.png; path = ../Default.png; sourceTree = "<group>"; };
		2BD27203172AB16900C757E9 /* Default@2x.png */ = {isa = PBXFileReference; lastKnownFileType = image.png; name = "Default@2x.png"; path = "../Default@2x.png"; sourceTree = "<group>"; };
		2BD27205172AB34A00C757E9 /* weibo_login.png */ = {isa = PBXFileReference; lastKnownFileType = image.png; path = weibo_login.png; sourceTree = "<group>"; };
		2BD27206172AB34A00C757E9 /* weibo_login@2x.png */ = {isa = PBXFileReference; lastKnownFileType = image.png; path = "weibo_login@2x.png"; sourceTree = "<group>"; };
		2BD27209172AB79700C757E9 /* QuartzCore.framework */ = {isa = PBXFileReference; lastKnownFileType = wrapper.framework; name = QuartzCore.framework; path = System/Library/Frameworks/QuartzCore.framework; sourceTree = SDKROOT; };
		2BD2723D172AC26600C757E9 /* navbar.png */ = {isa = PBXFileReference; lastKnownFileType = image.png; path = navbar.png; sourceTree = "<group>"; };
		2BD2723F172AC48700C757E9 /* Default-568h@2x.png */ = {isa = PBXFileReference; lastKnownFileType = image.png; name = "Default-568h@2x.png"; path = "../Default-568h@2x.png"; sourceTree = "<group>"; };
		2BD27242172AD86E00C757E9 /* shakehome_normal.png */ = {isa = PBXFileReference; lastKnownFileType = image.png; path = shakehome_normal.png; sourceTree = "<group>"; };
		2BD27243172AD86E00C757E9 /* shakehome_normal@2x.png */ = {isa = PBXFileReference; lastKnownFileType = image.png; path = "shakehome_normal@2x.png"; sourceTree = "<group>"; };
		2BD27244172AD86E00C757E9 /* shakehome_pressed.png */ = {isa = PBXFileReference; lastKnownFileType = image.png; path = shakehome_pressed.png; sourceTree = "<group>"; };
		2BD27245172AD86E00C757E9 /* shakehome_pressed@2x.png */ = {isa = PBXFileReference; lastKnownFileType = image.png; path = "shakehome_pressed@2x.png"; sourceTree = "<group>"; };
		2BD2724A172AD9F500C757E9 /* entypo.ttf */ = {isa = PBXFileReference; lastKnownFileType = file; path = entypo.ttf; sourceTree = "<group>"; };
		2BD2724B172AD9F500C757E9 /* entypo-social.ttf */ = {isa = PBXFileReference; lastKnownFileType = file; path = "entypo-social.ttf"; sourceTree = "<group>"; };
		2BD2724E172B016600C757E9 /* navbar@2x.png */ = {isa = PBXFileReference; lastKnownFileType = image.png; path = "navbar@2x.png"; sourceTree = "<group>"; };
		2BD27271172B037E00C757E9 /* CoreImage.framework */ = {isa = PBXFileReference; lastKnownFileType = wrapper.framework; name = CoreImage.framework; path = System/Library/Frameworks/CoreImage.framework; sourceTree = SDKROOT; };
		2BD27273172B038400C757E9 /* ImageIO.framework */ = {isa = PBXFileReference; lastKnownFileType = wrapper.framework; name = ImageIO.framework; path = System/Library/Frameworks/ImageIO.framework; sourceTree = SDKROOT; };
		2BD27275172B124E00C757E9 /* UIBarButtonItem+Linkkk.h */ = {isa = PBXFileReference; fileEncoding = 4; lastKnownFileType = sourcecode.c.h; path = "UIBarButtonItem+Linkkk.h"; sourceTree = "<group>"; };
		2BD27276172B124E00C757E9 /* UIBarButtonItem+Linkkk.m */ = {isa = PBXFileReference; fileEncoding = 4; lastKnownFileType = sourcecode.c.objc; path = "UIBarButtonItem+Linkkk.m"; sourceTree = "<group>"; };
		2BD532C517374D060050EDF7 /* profile_seg_bg.png */ = {isa = PBXFileReference; lastKnownFileType = image.png; path = profile_seg_bg.png; sourceTree = "<group>"; };
		2BD532C617374D060050EDF7 /* profile_seg_fg.png */ = {isa = PBXFileReference; lastKnownFileType = image.png; path = profile_seg_fg.png; sourceTree = "<group>"; };
		2BD532C717374D060050EDF7 /* profile_seg_fg@2x.png */ = {isa = PBXFileReference; lastKnownFileType = image.png; path = "profile_seg_fg@2x.png"; sourceTree = "<group>"; };
		2BD532CB17374DF40050EDF7 /* profile_seg_div.png */ = {isa = PBXFileReference; lastKnownFileType = image.png; path = profile_seg_div.png; sourceTree = "<group>"; };
		2BD532CC17374DF40050EDF7 /* profile_seg_div@2x.png */ = {isa = PBXFileReference; lastKnownFileType = image.png; path = "profile_seg_div@2x.png"; sourceTree = "<group>"; };
		2BD532D21737D1680050EDF7 /* LKPlacePickerViewController.h */ = {isa = PBXFileReference; fileEncoding = 4; lastKnownFileType = sourcecode.c.h; path = LKPlacePickerViewController.h; sourceTree = "<group>"; };
		2BD532D31737D1680050EDF7 /* LKPlacePickerViewController.m */ = {isa = PBXFileReference; fileEncoding = 4; lastKnownFileType = sourcecode.c.objc; path = LKPlacePickerViewController.m; sourceTree = "<group>"; };
		2BD532D51737D70B0050EDF7 /* UIViewController+Linkkk.h */ = {isa = PBXFileReference; fileEncoding = 4; lastKnownFileType = sourcecode.c.h; path = "UIViewController+Linkkk.h"; sourceTree = "<group>"; };
		2BD532D61737D70B0050EDF7 /* UIViewController+Linkkk.m */ = {isa = PBXFileReference; fileEncoding = 4; lastKnownFileType = sourcecode.c.objc; path = "UIViewController+Linkkk.m"; sourceTree = "<group>"; };
		2BD532D81737E4870050EDF7 /* searchbar_bg.png */ = {isa = PBXFileReference; lastKnownFileType = image.png; path = searchbar_bg.png; sourceTree = "<group>"; };
		2BD532D91737E4870050EDF7 /* searchbar_bg@2x.png */ = {isa = PBXFileReference; lastKnownFileType = image.png; path = "searchbar_bg@2x.png"; sourceTree = "<group>"; };
		2BD532DC1737E5260050EDF7 /* LKPlacePickerCell.h */ = {isa = PBXFileReference; fileEncoding = 4; lastKnownFileType = sourcecode.c.h; path = LKPlacePickerCell.h; sourceTree = "<group>"; };
		2BD532DD1737E5260050EDF7 /* LKPlacePickerCell.m */ = {isa = PBXFileReference; fileEncoding = 4; lastKnownFileType = sourcecode.c.objc; path = LKPlacePickerCell.m; sourceTree = "<group>"; };
		2BF71BE4173F44DC009C4AED /* UIImage+Linkkk.h */ = {isa = PBXFileReference; fileEncoding = 4; lastKnownFileType = sourcecode.c.h; path = "UIImage+Linkkk.h"; sourceTree = "<group>"; };
		2BF71BE5173F44DC009C4AED /* UIImage+Linkkk.m */ = {isa = PBXFileReference; fileEncoding = 4; lastKnownFileType = sourcecode.c.objc; path = "UIImage+Linkkk.m"; sourceTree = "<group>"; };
/* End PBXFileReference section */

/* Begin PBXFrameworksBuildPhase section */
		2BA510C6171C2856009A6547 /* Frameworks */ = {
			isa = PBXFrameworksBuildPhase;
			buildActionMask = 2147483647;
			files = (
				2B68C05D175B81190036C1E9 /* AudioToolbox.framework in Frameworks */,
				2BA33523173E09AD00325D25 /* MessageUI.framework in Frameworks */,
				2BA334D0173D43BA00325D25 /* AssetsLibrary.framework in Frameworks */,
				2BCE7785173C3FAF00EBBE95 /* libc++.dylib in Frameworks */,
				2BD27274172B038400C757E9 /* ImageIO.framework in Frameworks */,
				2BD27272172B037F00C757E9 /* CoreImage.framework in Frameworks */,
				2BD2720A172AB79700C757E9 /* QuartzCore.framework in Frameworks */,
				2B286FAA1724610A00A454FE /* CoreLocation.framework in Frameworks */,
				2BBD25C2171EEF7C002BA661 /* MapKit.framework in Frameworks */,
				2BA510CE171C2856009A6547 /* UIKit.framework in Frameworks */,
				2BA510D0171C2856009A6547 /* Foundation.framework in Frameworks */,
				2BA510D2171C2856009A6547 /* CoreGraphics.framework in Frameworks */,
				2BCE7781173C3D5D00EBBE95 /* libbaidumapapi.a in Frameworks */,
			);
			runOnlyForDeploymentPostprocessing = 0;
		};
/* End PBXFrameworksBuildPhase section */

/* Begin PBXGroup section */
		2B396C74173EA85D00152BA1 /* HPGrowingTextView */ = {
			isa = PBXGroup;
			children = (
				2B396C75173EA85D00152BA1 /* HPGrowingTextView.h */,
				2B396C76173EA85D00152BA1 /* HPGrowingTextView.m */,
				2B396C77173EA85D00152BA1 /* HPTextViewInternal.h */,
				2B396C78173EA85D00152BA1 /* HPTextViewInternal.m */,
			);
			path = HPGrowingTextView;
			sourceTree = "<group>";
		};
		2BA334B3173D43A700325D25 /* AGImagePickerController */ = {
			isa = PBXGroup;
			children = (
				2BA334B6173D43A700325D25 /* AGImagePickerController.bundle */,
				2BA334B4173D43A700325D25 /* AGImagePickerController+Helper.h */,
				2BA334B5173D43A700325D25 /* AGImagePickerController+Helper.m */,
				2BA334B7173D43A700325D25 /* AGImagePickerController.h */,
				2BA334B8173D43A700325D25 /* AGImagePickerController.m */,
				2BA334B9173D43A700325D25 /* AGImagePickerControllerDefines.h */,
				2BA334BA173D43A700325D25 /* AGIPCAlbumsController.h */,
				2BA334BB173D43A700325D25 /* AGIPCAlbumsController.m */,
				2BA334BC173D43A700325D25 /* AGIPCAssetsController.h */,
				2BA334BD173D43A700325D25 /* AGIPCAssetsController.m */,
				2BA334BE173D43A700325D25 /* AGIPCGridCell.h */,
				2BA334BF173D43A700325D25 /* AGIPCGridCell.m */,
				2BA334C0173D43A700325D25 /* AGIPCGridItem.h */,
				2BA334C1173D43A700325D25 /* AGIPCGridItem.m */,
				2BA334C2173D43A700325D25 /* AGIPCToolbarItem.h */,
				2BA334C3173D43A700325D25 /* AGIPCToolbarItem.m */,
				2BA334C4173D43A700325D25 /* ALAsset+AGIPC.h */,
				2BA334C5173D43A700325D25 /* ALAsset+AGIPC.m */,
			);
			path = AGImagePickerController;
			sourceTree = "<group>";
		};
		2BA334EE173E08C100325D25 /* MWPhotoBrowser */ = {
			isa = PBXGroup;
			children = (
				2BA334EF173E08C100325D25 /* MWCaptionView.h */,
				2BA334F0173E08C100325D25 /* MWCaptionView.m */,
				2BA334F1173E08C100325D25 /* MWPhoto.h */,
				2BA334F2173E08C100325D25 /* MWPhoto.m */,
				2BA334F3173E08C100325D25 /* MWPhotoBrowser.bundle */,
				2BA334F4173E08C100325D25 /* MWPhotoBrowser.h */,
				2BA334F5173E08C100325D25 /* MWPhotoBrowser.m */,
				2BA334F6173E08C100325D25 /* MWPhotoProtocol.h */,
				2BA334F7173E08C100325D25 /* MWTapDetectingImageView.h */,
				2BA334F8173E08C100325D25 /* MWTapDetectingImageView.m */,
				2BA334F9173E08C100325D25 /* MWTapDetectingView.h */,
				2BA334FA173E08C100325D25 /* MWTapDetectingView.m */,
				2BA334FB173E08C100325D25 /* MWZoomingScrollView.h */,
				2BA334FC173E08C100325D25 /* MWZoomingScrollView.m */,
			);
			path = MWPhotoBrowser;
			sourceTree = "<group>";
		};
		2BA33504173E08CE00325D25 /* MBProgressHUD */ = {
			isa = PBXGroup;
			children = (
				2BA33505173E08CE00325D25 /* MBProgressHUD.h */,
				2BA33506173E08CE00325D25 /* MBProgressHUD.m */,
			);
			path = MBProgressHUD;
			sourceTree = "<group>";
		};
		2BA33508173E093400325D25 /* SDWebImage */ = {
			isa = PBXGroup;
			children = (
				2BA33509173E093400325D25 /* SDImageCache.h */,
				2BA3350A173E093400325D25 /* SDImageCache.m */,
				2BA3350B173E093400325D25 /* SDImageCacheDelegate.h */,
				2BA3350C173E093400325D25 /* SDWebImageCompat.h */,
				2BA3350D173E093400325D25 /* SDWebImageDecoder.h */,
				2BA3350E173E093400325D25 /* SDWebImageDecoder.m */,
				2BA3350F173E093400325D25 /* SDWebImageDownloader.h */,
				2BA33510173E093400325D25 /* SDWebImageDownloader.m */,
				2BA33511173E093400325D25 /* SDWebImageDownloaderDelegate.h */,
				2BA33512173E093400325D25 /* SDWebImageManager.h */,
				2BA33513173E093400325D25 /* SDWebImageManager.m */,
				2BA33514173E093400325D25 /* SDWebImageManagerDelegate.h */,
				2BA33515173E093400325D25 /* SDWebImagePrefetcher.h */,
				2BA33516173E093400325D25 /* SDWebImagePrefetcher.m */,
				2BA33517173E093400325D25 /* UIButton+WebCache.h */,
				2BA33518173E093400325D25 /* UIButton+WebCache.m */,
				2BA33519173E093400325D25 /* UIImageView+WebCache.h */,
				2BA3351A173E093400325D25 /* UIImageView+WebCache.m */,
			);
			path = SDWebImage;
			sourceTree = "<group>";
		};
		2BA510BE171C2856009A6547 = {
			isa = PBXGroup;
			children = (
				2BA510D3171C2856009A6547 /* Linkkk */,
				2BA510F4171C39B2009A6547 /* Third Parties */,
				2BA510CC171C2856009A6547 /* Frameworks */,
				2BA510CA171C2856009A6547 /* Products */,
			);
			sourceTree = "<group>";
		};
		2BA510CA171C2856009A6547 /* Products */ = {
			isa = PBXGroup;
			children = (
				2BA510C9171C2856009A6547 /* Linkkk.app */,
			);
			name = Products;
			sourceTree = "<group>";
		};
		2BA510CC171C2856009A6547 /* Frameworks */ = {
			isa = PBXGroup;
			children = (
				2B68C05C175B81190036C1E9 /* AudioToolbox.framework */,
				2BA33522173E09AD00325D25 /* MessageUI.framework */,
				2BA334CF173D43BA00325D25 /* AssetsLibrary.framework */,
				2BD27273172B038400C757E9 /* ImageIO.framework */,
				2BD27271172B037E00C757E9 /* CoreImage.framework */,
				2BD27209172AB79700C757E9 /* QuartzCore.framework */,
				2BBD25C1171EEF7C002BA661 /* MapKit.framework */,
				2B286FA91724610A00A454FE /* CoreLocation.framework */,
				2BA510CD171C2856009A6547 /* UIKit.framework */,
				2BA510CF171C2856009A6547 /* Foundation.framework */,
				2BA510D1171C2856009A6547 /* CoreGraphics.framework */,
			);
			name = Frameworks;
			sourceTree = "<group>";
		};
		2BA510D3171C2856009A6547 /* Linkkk */ = {
			isa = PBXGroup;
			children = (
				2BA510DC171C2856009A6547 /* LKAppDelegate.h */,
				2BA510DD171C2856009A6547 /* LKAppDelegate.m */,
				2BA510E5171C2856009A6547 /* MainStoryboard.storyboard */,
				2BD1DB32171DD1C00029949F /* Model */,
				2BA51109171C413E009A6547 /* LKLoginViewController.h */,
				2BA5110A171C413E009A6547 /* LKLoginViewController.m */,
				2BCE7725173B23F800EBBE95 /* LKSettingViewController.h */,
				2BCE7726173B23F800EBBE95 /* LKSettingViewController.m */,
				2BA510E8171C2856009A6547 /* LKMainViewController.h */,
				2BA510E9171C2856009A6547 /* LKMainViewController.m */,
				2B286FAE1724CAF900A454FE /* LKMainView.h */,
				2B286FAF1724CAF900A454FE /* LKMainView.m */,
				2B68C0C41764BE2C0036C1E9 /* LKMapViewController.h */,
				2B68C0C51764BE2C0036C1E9 /* LKMapViewController.m */,
				2BD1DB24171DA0660029949F /* LKNearbyViewController.h */,
				2BD1DB25171DA0660029949F /* LKNearbyViewController.m */,
				2BD1DB21171D9FE80029949F /* LKNearbyCell.h */,
				2BD1DB22171D9FE80029949F /* LKNearbyCell.m */,
				2B0B74BD174C88DC00646CD1 /* LKDropDownOptionsView.h */,
				2B0B74BE174C88DC00646CD1 /* LKDropDownOptionsView.m */,
				2B286FAB1724C66D00A454FE /* LKPlaceViewController.h */,
				2B286FAC1724C66D00A454FE /* LKPlaceViewController.m */,
				2BD1DB1E171D978F0029949F /* LKPlaceView.h */,
				2BD1DB1F171D978F0029949F /* LKPlaceView.m */,
				2B8C74F71726AA230075F2D1 /* LKCreateViewController.h */,
				2B8C74F81726AA230075F2D1 /* LKCreateViewController.m */,
				2BD532D21737D1680050EDF7 /* LKPlacePickerViewController.h */,
				2BD532D31737D1680050EDF7 /* LKPlacePickerViewController.m */,
				2BD532DC1737E5260050EDF7 /* LKPlacePickerCell.h */,
				2BD532DD1737E5260050EDF7 /* LKPlacePickerCell.m */,
				2BD1DB28171DCACA0029949F /* LKProfileViewController.h */,
				2BD1DB29171DCACA0029949F /* LKProfileViewController.m */,
				2BA334D1173D569200325D25 /* LKNavViewController.h */,
				2BA334D2173D569200325D25 /* LKNavViewController.mm */,
				2B67CA60174FE63000D87D86 /* LKShareWeiboViewController.h */,
				2B67CA61174FE63000D87D86 /* LKShareWeiboViewController.m */,
				2B647AFA1736C89B0063F431 /* LKLoadingView.h */,
				2B647AFB1736C89B0063F431 /* LKLoadingView.m */,
				2BD27278172B125200C757E9 /* Categories */,
				2BD1DB27171DC6C50029949F /* Resource */,
				2BA510D4171C2856009A6547 /* Supporting Files */,
			);
			path = Linkkk;
			sourceTree = "<group>";
		};
		2BA510D4171C2856009A6547 /* Supporting Files */ = {
			isa = PBXGroup;
			children = (
				2BA510D5171C2856009A6547 /* Linkkk-Info.plist */,
				2BA510D6171C2856009A6547 /* InfoPlist.strings */,
				2BA510D9171C2856009A6547 /* main.m */,
				2BA510DB171C2856009A6547 /* Linkkk-Prefix.pch */,
			);
			name = "Supporting Files";
			sourceTree = "<group>";
		};
		2BA510F4171C39B2009A6547 /* Third Parties */ = {
			isa = PBXGroup;
			children = (
				2B396C74173EA85D00152BA1 /* HPGrowingTextView */,
				2BA33508173E093400325D25 /* SDWebImage */,
				2BA33504173E08CE00325D25 /* MBProgressHUD */,
				2BA334EE173E08C100325D25 /* MWPhotoBrowser */,
				2BA334B3173D43A700325D25 /* AGImagePickerController */,
				2BCE7762173C3BB600EBBE95 /* BMKMapKit */,
				2BA510F5171C39D2009A6547 /* JSONKit */,
				2BA510F8171C39D2009A6547 /* SinaWeibo */,
			);
			name = "Third Parties";
			path = Linkkk;
			sourceTree = "<group>";
		};
		2BA510F5171C39D2009A6547 /* JSONKit */ = {
			isa = PBXGroup;
			children = (
				2BA510F6171C39D2009A6547 /* JSONKit.h */,
				2BA510F7171C39D2009A6547 /* JSONKit.m */,
			);
			path = JSONKit;
			sourceTree = "<group>";
		};
		2BA510F8171C39D2009A6547 /* SinaWeibo */ = {
			isa = PBXGroup;
			children = (
				2BA510F9171C39D2009A6547 /* SinaWeibo.bundle */,
				2BA510FA171C39D2009A6547 /* SinaWeibo.h */,
				2BA510FB171C39D2009A6547 /* SinaWeibo.m */,
				2BA510FC171C39D2009A6547 /* SinaWeiboAuthorizeView.h */,
				2BA510FD171C39D2009A6547 /* SinaWeiboAuthorizeView.m */,
				2BA510FE171C39D2009A6547 /* SinaWeiboConstants.h */,
				2BA510FF171C39D2009A6547 /* SinaWeiboRequest.h */,
				2BA51100171C39D2009A6547 /* SinaWeiboRequest.m */,
			);
			path = SinaWeibo;
			sourceTree = "<group>";
		};
		2BCE7762173C3BB600EBBE95 /* BMKMapKit */ = {
			isa = PBXGroup;
			children = (
				2BCE7782173C3D6300EBBE95 /* mapapi.bundle */,
				2BCE7780173C3D5D00EBBE95 /* libbaidumapapi.a */,
				2BCE7784173C3FAF00EBBE95 /* libc++.dylib */,
				2BCE7763173C3BCE00EBBE95 /* BMapKit.h */,
				2BCE7764173C3BCE00EBBE95 /* BMKAnnotation.h */,
				2BCE7765173C3BCE00EBBE95 /* BMKAnnotationView.h */,
				2BCE7766173C3BCE00EBBE95 /* BMKCircle.h */,
				2BCE7767173C3BCE00EBBE95 /* BMKCircleView.h */,
				2BCE7768173C3BCE00EBBE95 /* BMKGeneralDelegate.h */,
				2BCE7769173C3BCE00EBBE95 /* BMKGeocodeType.h */,
				2BCE776A173C3BCE00EBBE95 /* BMKGeometry.h */,
				2BCE776B173C3BCE00EBBE95 /* BMKMapManager.h */,
				2BCE776C173C3BCE00EBBE95 /* BMKMapView.h */,
				2BCE776D173C3BCE00EBBE95 /* BMKMultiPoint.h */,
				2BCE776E173C3BCE00EBBE95 /* BMKOfflineMap.h */,
				2BCE776F173C3BCE00EBBE95 /* BMKOfflineMapType.h */,
				2BCE7770173C3BCE00EBBE95 /* BMKOverlay.h */,
				2BCE7771173C3BCE00EBBE95 /* BMKOverlayPathView.h */,
				2BCE7772173C3BCE00EBBE95 /* BMKOverlayView.h */,
				2BCE7773173C3BCE00EBBE95 /* BMKPinAnnotationView.h */,
				2BCE7774173C3BCE00EBBE95 /* BMKPointAnnotation.h */,
				2BCE7775173C3BCE00EBBE95 /* BMKPoiSearchType.h */,
				2BCE7776173C3BCE00EBBE95 /* BMKPolygon.h */,
				2BCE7777173C3BCE00EBBE95 /* BMKPolygonView.h */,
				2BCE7778173C3BCE00EBBE95 /* BMKPolyline.h */,
				2BCE7779173C3BCE00EBBE95 /* BMKPolylineView.h */,
				2BCE777A173C3BCE00EBBE95 /* BMKRouteSearchType.h */,
				2BCE777B173C3BCE00EBBE95 /* BMKSearch.h */,
				2BCE777C173C3BCE00EBBE95 /* BMKShape.h */,
				2BCE777D173C3BCE00EBBE95 /* BMKTypes.h */,
				2BCE777E173C3BCE00EBBE95 /* BMKUserLocation.h */,
				2BCE777F173C3BCE00EBBE95 /* BMKVersion.h */,
			);
			name = BMKMapKit;
			sourceTree = "<group>";
		};
		2BD1DB27171DC6C50029949F /* Resource */ = {
			isa = PBXGroup;
			children = (
				2BCE772B173B35E700EBBE95 /* vertical.png */,
				2BCE772C173B35E700EBBE95 /* vertical@2x.png */,
				2BCE772F173B36F300EBBE95 /* verticalpixel.png */,
				2BCE7730173B36F300EBBE95 /* verticalpixel@2x.png */,
				2BD532D81737E4870050EDF7 /* searchbar_bg.png */,
				2BD532D91737E4870050EDF7 /* searchbar_bg@2x.png */,
				2BD532CB17374DF40050EDF7 /* profile_seg_div.png */,
				2BD532CC17374DF40050EDF7 /* profile_seg_div@2x.png */,
				2B6B3BCB1737179400916D44 /* profile_seg_bg@2x.png */,
				2BD532C517374D060050EDF7 /* profile_seg_bg.png */,
				2BD532C617374D060050EDF7 /* profile_seg_fg.png */,
				2BD532C717374D060050EDF7 /* profile_seg_fg@2x.png */,
				2B68C05E175B8FE40036C1E9 /* shake_normal.png */,
				2B68C05F175B8FE40036C1E9 /* shake_normal@2x.png */,
				2BD27242172AD86E00C757E9 /* shakehome_normal.png */,
				2BD27243172AD86E00C757E9 /* shakehome_normal@2x.png */,
				2BD27244172AD86E00C757E9 /* shakehome_pressed.png */,
				2BD27245172AD86E00C757E9 /* shakehome_pressed@2x.png */,
				2BD2724A172AD9F500C757E9 /* entypo.ttf */,
				2BD2724B172AD9F500C757E9 /* entypo-social.ttf */,
				2BD27241172ACC0500C757E9 /* Splash Screen */,
				2BD27250172B016D00C757E9 /* App Icon */,
				2BD2723D172AC26600C757E9 /* navbar.png */,
				2BD2724E172B016600C757E9 /* navbar@2x.png */,
				2BD27205172AB34A00C757E9 /* weibo_login.png */,
				2BD27206172AB34A00C757E9 /* weibo_login@2x.png */,
				2B97EE79172B83CA004A1FCB /* avatar_overlay.png */,
				2B97EE7B172BFD11004A1FCB /* avatar_overlay@2x.png */,
				2B29ECF8171D92C900235616 /* input.json */,
			);
			name = Resource;
			sourceTree = "<group>";
		};
		2BD1DB32171DD1C00029949F /* Model */ = {
			isa = PBXGroup;
			children = (
				2BD1DB2F171DD1AE0029949F /* LKProfile.h */,
				2BD1DB30171DD1AF0029949F /* LKProfile.m */,
				2B286FA61724600D00A454FE /* LKPlace.h */,
				2B286FA71724600D00A454FE /* LKPlace.m */,
				2B0B74C0174D187F00646CD1 /* LKDefaults.h */,
				2B0B74C1174D187F00646CD1 /* LKDefaults.m */,
				2BCE7786173C787600EBBE95 /* LKMapManager.h */,
				2BCE7787173C787600EBBE95 /* LKMapManager.m */,
			);
			name = Model;
			sourceTree = "<group>";
		};
		2BD27241172ACC0500C757E9 /* Splash Screen */ = {
			isa = PBXGroup;
			children = (
				2BD27201172AB16300C757E9 /* Default.png */,
				2BD27203172AB16900C757E9 /* Default@2x.png */,
				2BD2723F172AC48700C757E9 /* Default-568h@2x.png */,
			);
			name = "Splash Screen";
			sourceTree = "<group>";
		};
		2BD27250172B016D00C757E9 /* App Icon */ = {
			isa = PBXGroup;
			children = (
				2BD271FF172AB0E000C757E9 /* Icon@2x.png */,
				2BD271FD172AB0DC00C757E9 /* Icon.png */,
			);
			name = "App Icon";
			sourceTree = "<group>";
		};
		2BD27278172B125200C757E9 /* Categories */ = {
			isa = PBXGroup;
			children = (
				2BD532D51737D70B0050EDF7 /* UIViewController+Linkkk.h */,
				2BD532D61737D70B0050EDF7 /* UIViewController+Linkkk.m */,
				2BD27275172B124E00C757E9 /* UIBarButtonItem+Linkkk.h */,
				2BD27276172B124E00C757E9 /* UIBarButtonItem+Linkkk.m */,
				2B396C71173EA21300152BA1 /* UIButton+Linkkk.h */,
				2B396C72173EA21300152BA1 /* UIButton+Linkkk.m */,
				2B6B3BC81737104600916D44 /* UIColor+Linkkk.h */,
				2B6B3BC91737104600916D44 /* UIColor+Linkkk.m */,
				2BCE7722173AE8BA00EBBE95 /* CLPlacemark+Linkkk.h */,
				2BCE7723173AE8BA00EBBE95 /* CLPlacemark+Linkkk.m */,
				2BF71BE4173F44DC009C4AED /* UIImage+Linkkk.h */,
				2BF71BE5173F44DC009C4AED /* UIImage+Linkkk.m */,
			);
			name = Categories;
			sourceTree = "<group>";
		};
/* End PBXGroup section */

/* Begin PBXNativeTarget section */
		2BA510C8171C2856009A6547 /* Linkkk */ = {
			isa = PBXNativeTarget;
			buildConfigurationList = 2BA510ED171C2856009A6547 /* Build configuration list for PBXNativeTarget "Linkkk" */;
			buildPhases = (
				2BA510C5171C2856009A6547 /* Sources */,
				2BA510C6171C2856009A6547 /* Frameworks */,
				2BA510C7171C2856009A6547 /* Resources */,
			);
			buildRules = (
			);
			dependencies = (
			);
			name = Linkkk;
			productName = Linkkk;
			productReference = 2BA510C9171C2856009A6547 /* Linkkk.app */;
			productType = "com.apple.product-type.application";
		};
/* End PBXNativeTarget section */

/* Begin PBXProject section */
		2BA510C0171C2856009A6547 /* Project object */ = {
			isa = PBXProject;
			attributes = {
				CLASSPREFIX = LK;
				LastUpgradeCheck = 0450;
				ORGANIZATIONNAME = Linkkk;
			};
			buildConfigurationList = 2BA510C3171C2856009A6547 /* Build configuration list for PBXProject "Linkkk" */;
			compatibilityVersion = "Xcode 3.2";
			developmentRegion = English;
			hasScannedForEncodings = 0;
			knownRegions = (
				en,
			);
			mainGroup = 2BA510BE171C2856009A6547;
			productRefGroup = 2BA510CA171C2856009A6547 /* Products */;
			projectDirPath = "";
			projectRoot = "";
			targets = (
				2BA510C8171C2856009A6547 /* Linkkk */,
			);
		};
/* End PBXProject section */

/* Begin PBXResourcesBuildPhase section */
		2BA510C7171C2856009A6547 /* Resources */ = {
			isa = PBXResourcesBuildPhase;
			buildActionMask = 2147483647;
			files = (
				2BD2724D172ADDB800C757E9 /* entypo-social.ttf in Resources */,
				2BD2724C172ADDB000C757E9 /* entypo.ttf in Resources */,
				2BA510D8171C2856009A6547 /* InfoPlist.strings in Resources */,
				2BA510E7171C2856009A6547 /* MainStoryboard.storyboard in Resources */,
				2BA51102171C39D2009A6547 /* SinaWeibo.bundle in Resources */,
				2B29ECF9171D92C900235616 /* input.json in Resources */,
				2BD271FE172AB0DC00C757E9 /* Icon.png in Resources */,
				2BD27200172AB0E000C757E9 /* Icon@2x.png in Resources */,
				2BD27202172AB16300C757E9 /* Default.png in Resources */,
				2BD27204172AB16900C757E9 /* Default@2x.png in Resources */,
				2BD27207172AB34A00C757E9 /* weibo_login.png in Resources */,
				2BD27208172AB34A00C757E9 /* weibo_login@2x.png in Resources */,
				2BD2723E172AC26600C757E9 /* navbar.png in Resources */,
				2BD27240172AC48700C757E9 /* Default-568h@2x.png in Resources */,
				2BD27246172AD86E00C757E9 /* shakehome_normal.png in Resources */,
				2BD27247172AD86E00C757E9 /* shakehome_normal@2x.png in Resources */,
				2BD27248172AD86E00C757E9 /* shakehome_pressed.png in Resources */,
				2BD27249172AD86E00C757E9 /* shakehome_pressed@2x.png in Resources */,
				2BD2724F172B016600C757E9 /* navbar@2x.png in Resources */,
				2B97EE7A172B83CA004A1FCB /* avatar_overlay.png in Resources */,
				2B97EE7C172BFD11004A1FCB /* avatar_overlay@2x.png in Resources */,
				2B6B3BCC1737179400916D44 /* profile_seg_bg@2x.png in Resources */,
				2BD532C817374D060050EDF7 /* profile_seg_bg.png in Resources */,
				2BD532C917374D060050EDF7 /* profile_seg_fg.png in Resources */,
				2BD532CA17374D060050EDF7 /* profile_seg_fg@2x.png in Resources */,
				2BD532CD17374DF40050EDF7 /* profile_seg_div.png in Resources */,
				2BD532CE17374DF40050EDF7 /* profile_seg_div@2x.png in Resources */,
				2BD532DA1737E4870050EDF7 /* searchbar_bg.png in Resources */,
				2BD532DB1737E4870050EDF7 /* searchbar_bg@2x.png in Resources */,
				2BCE772D173B35E700EBBE95 /* vertical.png in Resources */,
				2BCE772E173B35E700EBBE95 /* vertical@2x.png in Resources */,
				2BCE7731173B36F300EBBE95 /* verticalpixel.png in Resources */,
				2BCE7732173B36F300EBBE95 /* verticalpixel@2x.png in Resources */,
				2BCE7783173C3D6300EBBE95 /* mapapi.bundle in Resources */,
				2BA334C7173D43A700325D25 /* AGImagePickerController.bundle in Resources */,
				2BA334FF173E08C100325D25 /* MWPhotoBrowser.bundle in Resources */,
				2B68C060175B8FE40036C1E9 /* shake_normal.png in Resources */,
				2B68C061175B8FE40036C1E9 /* shake_normal@2x.png in Resources */,
			);
			runOnlyForDeploymentPostprocessing = 0;
		};
/* End PBXResourcesBuildPhase section */

/* Begin PBXSourcesBuildPhase section */
		2BA510C5171C2856009A6547 /* Sources */ = {
			isa = PBXSourcesBuildPhase;
			buildActionMask = 2147483647;
			files = (
				2BA510DA171C2856009A6547 /* main.m in Sources */,
				2BA510DE171C2856009A6547 /* LKAppDelegate.m in Sources */,
				2BA510EA171C2856009A6547 /* LKMainViewController.m in Sources */,
				2BA51101171C39D2009A6547 /* JSONKit.m in Sources */,
				2BA51103171C39D2009A6547 /* SinaWeibo.m in Sources */,
				2BA51104171C39D2009A6547 /* SinaWeiboAuthorizeView.m in Sources */,
				2BA51105171C39D2009A6547 /* SinaWeiboRequest.m in Sources */,
				2BA5110B171C413E009A6547 /* LKLoginViewController.m in Sources */,
				2BD1DB20171D978F0029949F /* LKPlaceView.m in Sources */,
				2BD1DB23171D9FE80029949F /* LKNearbyCell.m in Sources */,
				2BD1DB26171DA0660029949F /* LKNearbyViewController.m in Sources */,
				2BD1DB2A171DCACA0029949F /* LKProfileViewController.m in Sources */,
				2BD1DB31171DD1AF0029949F /* LKProfile.m in Sources */,
				2B286FA81724600D00A454FE /* LKPlace.m in Sources */,
				2B286FAD1724C66E00A454FE /* LKPlaceViewController.m in Sources */,
				2B286FB01724CAFA00A454FE /* LKMainView.m in Sources */,
				2B8C74F91726AA230075F2D1 /* LKCreateViewController.m in Sources */,
				2BD27277172B124F00C757E9 /* UIBarButtonItem+Linkkk.m in Sources */,
				2B647AFC1736C89C0063F431 /* LKLoadingView.m in Sources */,
				2B6B3BCA1737104600916D44 /* UIColor+Linkkk.m in Sources */,
				2BD532D41737D1680050EDF7 /* LKPlacePickerViewController.m in Sources */,
				2BD532D71737D70B0050EDF7 /* UIViewController+Linkkk.m in Sources */,
				2BD532DE1737E5260050EDF7 /* LKPlacePickerCell.m in Sources */,
				2BCE7724173AE8BA00EBBE95 /* CLPlacemark+Linkkk.m in Sources */,
				2BCE7727173B23F900EBBE95 /* LKSettingViewController.m in Sources */,
				2BCE7788173C787600EBBE95 /* LKMapManager.m in Sources */,
				2BA334C6173D43A700325D25 /* AGImagePickerController+Helper.m in Sources */,
				2BA334C8173D43A700325D25 /* AGImagePickerController.m in Sources */,
				2BA334C9173D43A700325D25 /* AGIPCAlbumsController.m in Sources */,
				2BA334CA173D43A700325D25 /* AGIPCAssetsController.m in Sources */,
				2BA334CB173D43A700325D25 /* AGIPCGridCell.m in Sources */,
				2BA334CC173D43A700325D25 /* AGIPCGridItem.m in Sources */,
				2BA334CD173D43A700325D25 /* AGIPCToolbarItem.m in Sources */,
				2BA334CE173D43A700325D25 /* ALAsset+AGIPC.m in Sources */,
				2BA334D3173D569200325D25 /* LKNavViewController.mm in Sources */,
				2BA334FD173E08C100325D25 /* MWCaptionView.m in Sources */,
				2BA334FE173E08C100325D25 /* MWPhoto.m in Sources */,
				2BA33500173E08C100325D25 /* MWPhotoBrowser.m in Sources */,
				2BA33501173E08C100325D25 /* MWTapDetectingImageView.m in Sources */,
				2BA33502173E08C100325D25 /* MWTapDetectingView.m in Sources */,
				2BA33503173E08C100325D25 /* MWZoomingScrollView.m in Sources */,
				2BA33507173E08CE00325D25 /* MBProgressHUD.m in Sources */,
				2BA3351B173E093400325D25 /* SDImageCache.m in Sources */,
				2BA3351C173E093400325D25 /* SDWebImageDecoder.m in Sources */,
				2BA3351D173E093400325D25 /* SDWebImageDownloader.m in Sources */,
				2BA3351E173E093400325D25 /* SDWebImageManager.m in Sources */,
				2BA3351F173E093400325D25 /* SDWebImagePrefetcher.m in Sources */,
				2BA33520173E093400325D25 /* UIButton+WebCache.m in Sources */,
				2BA33521173E093400325D25 /* UIImageView+WebCache.m in Sources */,
				2B396C73173EA21300152BA1 /* UIButton+Linkkk.m in Sources */,
				2B396C79173EA85D00152BA1 /* HPGrowingTextView.m in Sources */,
				2B396C7A173EA85D00152BA1 /* HPTextViewInternal.m in Sources */,
				2BF71BE6173F44DC009C4AED /* UIImage+Linkkk.m in Sources */,
				2B0B74BF174C88DC00646CD1 /* LKDropDownOptionsView.m in Sources */,
				2B0B74C2174D187F00646CD1 /* LKDefaults.m in Sources */,
				2B67CA62174FE63000D87D86 /* LKShareWeiboViewController.m in Sources */,
				2B68C0C61764BE2D0036C1E9 /* LKMapViewController.m in Sources */,
			);
			runOnlyForDeploymentPostprocessing = 0;
		};
/* End PBXSourcesBuildPhase section */

/* Begin PBXVariantGroup section */
		2BA510D6171C2856009A6547 /* InfoPlist.strings */ = {
			isa = PBXVariantGroup;
			children = (
				2BA510D7171C2856009A6547 /* en */,
			);
			name = InfoPlist.strings;
			sourceTree = "<group>";
		};
		2BA510E5171C2856009A6547 /* MainStoryboard.storyboard */ = {
			isa = PBXVariantGroup;
			children = (
				2BA510E6171C2856009A6547 /* en */,
			);
			name = MainStoryboard.storyboard;
			sourceTree = "<group>";
		};
/* End PBXVariantGroup section */

/* Begin XCBuildConfiguration section */
		2BA510EB171C2856009A6547 /* Debug */ = {
			isa = XCBuildConfiguration;
			buildSettings = {
				ALWAYS_SEARCH_USER_PATHS = NO;
				CLANG_CXX_LANGUAGE_STANDARD = "gnu++0x";
				CLANG_CXX_LIBRARY = "libc++";
				CLANG_ENABLE_OBJC_ARC = YES;
				CLANG_WARN_EMPTY_BODY = YES;
				CLANG_WARN__DUPLICATE_METHOD_MATCH = YES;
				"CODE_SIGN_IDENTITY[sdk=iphoneos*]" = "iPhone Developer";
				COPY_PHASE_STRIP = NO;
				GCC_C_LANGUAGE_STANDARD = gnu99;
				GCC_DYNAMIC_NO_PIC = NO;
				GCC_OPTIMIZATION_LEVEL = 0;
				GCC_PREPROCESSOR_DEFINITIONS = (
					"DEBUG=1",
					"$(inherited)",
				);
				GCC_SYMBOLS_PRIVATE_EXTERN = NO;
				GCC_WARN_ABOUT_RETURN_TYPE = YES;
				GCC_WARN_UNINITIALIZED_AUTOS = YES;
				GCC_WARN_UNUSED_VARIABLE = YES;
				IPHONEOS_DEPLOYMENT_TARGET = 6.0;
				ONLY_ACTIVE_ARCH = YES;
				SDKROOT = iphoneos;
			};
			name = Debug;
		};
		2BA510EC171C2856009A6547 /* Release */ = {
			isa = XCBuildConfiguration;
			buildSettings = {
				ALWAYS_SEARCH_USER_PATHS = NO;
				CLANG_CXX_LANGUAGE_STANDARD = "gnu++0x";
				CLANG_CXX_LIBRARY = "libc++";
				CLANG_ENABLE_OBJC_ARC = YES;
				CLANG_WARN_EMPTY_BODY = YES;
				CLANG_WARN__DUPLICATE_METHOD_MATCH = YES;
				"CODE_SIGN_IDENTITY[sdk=iphoneos*]" = "iPhone Developer";
				COPY_PHASE_STRIP = YES;
				GCC_C_LANGUAGE_STANDARD = gnu99;
				GCC_WARN_ABOUT_RETURN_TYPE = YES;
				GCC_WARN_UNINITIALIZED_AUTOS = YES;
				GCC_WARN_UNUSED_VARIABLE = YES;
				IPHONEOS_DEPLOYMENT_TARGET = 6.0;
				OTHER_CFLAGS = "-DNS_BLOCK_ASSERTIONS=1";
				SDKROOT = iphoneos;
				VALIDATE_PRODUCT = YES;
			};
			name = Release;
		};
		2BA510EE171C2856009A6547 /* Debug */ = {
			isa = XCBuildConfiguration;
			buildSettings = {
				CLANG_ENABLE_OBJC_ARC = YES;
				CODE_SIGN_IDENTITY = "iPhone Developer";
				"CODE_SIGN_IDENTITY[sdk=iphoneos*]" = "iPhone Developer";
				GCC_PRECOMPILE_PREFIX_HEADER = YES;
				GCC_PREFIX_HEADER = "Linkkk/Linkkk-Prefix.pch";
				INFOPLIST_FILE = "Linkkk/Linkkk-Info.plist";
				IPHONEOS_DEPLOYMENT_TARGET = 6.0;
				LIBRARY_SEARCH_PATHS = (
					"$(inherited)",
					"\"$(SRCROOT)/Linkkk\"",
				);
				OTHER_LDFLAGS = "-all_load";
				PRODUCT_NAME = "$(TARGET_NAME)";
				PROVISIONING_PROFILE = "";
				WRAPPER_EXTENSION = app;
			};
			name = Debug;
		};
		2BA510EF171C2856009A6547 /* Release */ = {
			isa = XCBuildConfiguration;
			buildSettings = {
				CLANG_ENABLE_OBJC_ARC = YES;
				CODE_SIGN_IDENTITY = "iPhone Distribution";
				"CODE_SIGN_IDENTITY[sdk=iphoneos*]" = "iPhone Distribution";
				GCC_PRECOMPILE_PREFIX_HEADER = YES;
				GCC_PREFIX_HEADER = "Linkkk/Linkkk-Prefix.pch";
				INFOPLIST_FILE = "Linkkk/Linkkk-Info.plist";
				IPHONEOS_DEPLOYMENT_TARGET = 6.0;
				LIBRARY_SEARCH_PATHS = (
					"$(inherited)",
					"\"$(SRCROOT)/Linkkk\"",
				);
				OTHER_LDFLAGS = "-all_load";
				PRODUCT_NAME = "$(TARGET_NAME)";
				PROVISIONING_PROFILE = "";
				"PROVISIONING_PROFILE[sdk=iphoneos*]" = "";
				WRAPPER_EXTENSION = app;
			};
			name = Release;
		};
/* End XCBuildConfiguration section */

/* Begin XCConfigurationList section */
		2BA510C3171C2856009A6547 /* Build configuration list for PBXProject "Linkkk" */ = {
			isa = XCConfigurationList;
			buildConfigurations = (
				2BA510EB171C2856009A6547 /* Debug */,
				2BA510EC171C2856009A6547 /* Release */,
			);
			defaultConfigurationIsVisible = 0;
			defaultConfigurationName = Release;
		};
		2BA510ED171C2856009A6547 /* Build configuration list for PBXNativeTarget "Linkkk" */ = {
			isa = XCConfigurationList;
			buildConfigurations = (
				2BA510EE171C2856009A6547 /* Debug */,
				2BA510EF171C2856009A6547 /* Release */,
			);
			defaultConfigurationIsVisible = 0;
			defaultConfigurationName = Release;
		};
/* End XCConfigurationList section */
	};
	rootObject = 2BA510C0171C2856009A6547 /* Project object */;
}
